// !$*UTF8*$!
{
	archiveVersion = 1;
	classes = {
	};
	objectVersion = 50;
	objects = {

/* Begin PBXAggregateTarget section */
		4BE7641722D2270400A250B4 /* Generate Preprocessor file */ = {
			isa = PBXAggregateTarget;
			buildConfigurationList = 4BE7641A22D2270400A250B4 /* Build configuration list for PBXAggregateTarget "Generate Preprocessor file" */;
			buildPhases = (
				4BE7641B22D2272600A250B4 /* Generate preprocessor file */,
			);
			dependencies = (
			);
			name = "Generate Preprocessor file";
			productName = "Generate Preprocessor file";
		};
		4BFF774E22C0FD2B008047CB /* Localization */ = {
			isa = PBXAggregateTarget;
			buildConfigurationList = 4BFF775122C0FD2B008047CB /* Build configuration list for PBXAggregateTarget "Localization" */;
			buildPhases = (
				4BFF775222C0FD33008047CB /* Download localized strings from online spreadsheet */,
			);
			dependencies = (
			);
			name = Localization;
			productName = Localization;
		};
/* End PBXAggregateTarget section */

/* Begin PBXBuildFile section */
		4B0EA17622C0D6F8004411BD /* LaunchScreen.storyboard in Resources */ = {isa = PBXBuildFile; fileRef = 4B0EA17222C0D6F8004411BD /* LaunchScreen.storyboard */; };
		4B0EA17922C0D712004411BD /* TestViewController.swift in Sources */ = {isa = PBXBuildFile; fileRef = 4B0EA17822C0D712004411BD /* TestViewController.swift */; };
		4B0EA48122C0DF6A004411BD /* .gitignore in Resources */ = {isa = PBXBuildFile; fileRef = 4B0EA48022C0DF6A004411BD /* .gitignore */; };
		4B140D6A22DDB67D0070D05B /* Common.framework in Frameworks */ = {isa = PBXBuildFile; fileRef = 4B140D6922DDB67D0070D05B /* Common.framework */; };
		4B140D6B22DDB67D0070D05B /* Common.framework in Embed Frameworks */ = {isa = PBXBuildFile; fileRef = 4B140D6922DDB67D0070D05B /* Common.framework */; settings = {ATTRIBUTES = (CodeSignOnCopy, RemoveHeadersOnCopy, ); }; };
		4B140DA322DDCBF30070D05B /* Data.framework in Frameworks */ = {isa = PBXBuildFile; fileRef = 4B140DA222DDCBF30070D05B /* Data.framework */; };
		4B140DA422DDCBF30070D05B /* Data.framework in Embed Frameworks */ = {isa = PBXBuildFile; fileRef = 4B140DA222DDCBF30070D05B /* Data.framework */; settings = {ATTRIBUTES = (CodeSignOnCopy, RemoveHeadersOnCopy, ); }; };
		4B15BF8722D4990B00B3B962 /* ItemCell.swift in Sources */ = {isa = PBXBuildFile; fileRef = 4B15BF8622D4990A00B3B962 /* ItemCell.swift */; };
		4B164BD522E0794500753626 /* Data.framework in Frameworks */ = {isa = PBXBuildFile; fileRef = 4B164BD422E0794500753626 /* Data.framework */; };
		4B53B43722D2481900454E94 /* ItemTableVM.swift in Sources */ = {isa = PBXBuildFile; fileRef = 4B53B43622D2481900454E94 /* ItemTableVM.swift */; };
		4B53B43922D2494700454E94 /* ItemTableVC.swift in Sources */ = {isa = PBXBuildFile; fileRef = 4B53B43822D2494700454E94 /* ItemTableVC.swift */; };
		4B53B43B22D24C8C00454E94 /* RefreshControl.swift in Sources */ = {isa = PBXBuildFile; fileRef = 4B53B43A22D24C8C00454E94 /* RefreshControl.swift */; };
		4B53B44922D24EE000454E94 /* PullToRefreshView.xib in Resources */ = {isa = PBXBuildFile; fileRef = 4B53B44722D24EDF00454E94 /* PullToRefreshView.xib */; };
		4B53B44A22D24EE000454E94 /* PullToRefreshView.swift in Sources */ = {isa = PBXBuildFile; fileRef = 4B53B44822D24EDF00454E94 /* PullToRefreshView.swift */; };
		4B7E919F22E32080005F018D /* FolderEditVC.swift in Sources */ = {isa = PBXBuildFile; fileRef = 4B7E919E22E32080005F018D /* FolderEditVC.swift */; };
		4B7E91A122E320B3005F018D /* FolderEditVM.swift in Sources */ = {isa = PBXBuildFile; fileRef = 4B7E91A022E320B3005F018D /* FolderEditVM.swift */; };
		4BCD96A622CB99BC00F214E2 /* Base.swift in Sources */ = {isa = PBXBuildFile; fileRef = 4BCD96A522CB99BC00F214E2 /* Base.swift */; };
		4BCD96A922CB9BD000F214E2 /* RSSFeedEditVM.swift in Sources */ = {isa = PBXBuildFile; fileRef = 4BCD96A822CB9BD000F214E2 /* RSSFeedEditVM.swift */; };
		4BD2DD0822CE0C9C00F445F4 /* TestDependency.swift in Sources */ = {isa = PBXBuildFile; fileRef = 4BD2DD0722CE0C9C00F445F4 /* TestDependency.swift */; };
		4BDE2ECD22DB253900AAF3DC /* RSSItemVC.swift in Sources */ = {isa = PBXBuildFile; fileRef = 4BDE2ECC22DB253900AAF3DC /* RSSItemVC.swift */; };
		4BDE2ECF22DB267800AAF3DC /* RSSItemVM.swift in Sources */ = {isa = PBXBuildFile; fileRef = 4BDE2ECE22DB267800AAF3DC /* RSSItemVM.swift */; };
		4BE1A7D722D88A4800762AE0 /* RSSItemsTableVC.swift in Sources */ = {isa = PBXBuildFile; fileRef = 4BE1A7D622D88A4800762AE0 /* RSSItemsTableVC.swift */; };
		4BE1A7D922D88A5A00762AE0 /* RSSItemsTableVM.swift in Sources */ = {isa = PBXBuildFile; fileRef = 4BE1A7D822D88A5A00762AE0 /* RSSItemsTableVM.swift */; };
		4BE1A7DD22D8F9D100762AE0 /* RssItemCell.swift in Sources */ = {isa = PBXBuildFile; fileRef = 4BE1A7DC22D8F9D100762AE0 /* RssItemCell.swift */; };
		4BE1B2EE22DC7D0A00D33E85 /* NotificationCenter.framework in Frameworks */ = {isa = PBXBuildFile; fileRef = 4BE1B2ED22DC7D0A00D33E85 /* NotificationCenter.framework */; };
		4BE1B2F122DC7D0A00D33E85 /* TodayVC.swift in Sources */ = {isa = PBXBuildFile; fileRef = 4BE1B2F022DC7D0A00D33E85 /* TodayVC.swift */; };
		4BE1B2F822DC7D0A00D33E85 /* FeedTodayAppExtension.appex in Embed App Extensions */ = {isa = PBXBuildFile; fileRef = 4BE1B2EC22DC7D0A00D33E85 /* FeedTodayAppExtension.appex */; settings = {ATTRIBUTES = (RemoveHeadersOnCopy, ); }; };
		4BE1B48122DCF31900D33E85 /* Gemfile in Resources */ = {isa = PBXBuildFile; fileRef = 4BE1B48022DCF31900D33E85 /* Gemfile */; };
		4BE1B48722DCF53800D33E85 /* Resources.framework in Frameworks */ = {isa = PBXBuildFile; fileRef = 4BE1B48622DCF53800D33E85 /* Resources.framework */; };
		4BE1B48822DCF53800D33E85 /* Resources.framework in Embed Frameworks */ = {isa = PBXBuildFile; fileRef = 4BE1B48622DCF53800D33E85 /* Resources.framework */; settings = {ATTRIBUTES = (CodeSignOnCopy, RemoveHeadersOnCopy, ); }; };
		4BE44F8522CE43560042925A /* RSSFeedEditVC.swift in Sources */ = {isa = PBXBuildFile; fileRef = 4BE44F8422CE43560042925A /* RSSFeedEditVC.swift */; };
		4BE8021222CCED500014DED4 /* RSSFeedEditVMTest.swift in Sources */ = {isa = PBXBuildFile; fileRef = 4BE8021122CCED500014DED4 /* RSSFeedEditVMTest.swift */; };
		4BE8A5FB21D6CB05009B66F0 /* AppDelegate.swift in Sources */ = {isa = PBXBuildFile; fileRef = 4BE8A5FA21D6CB05009B66F0 /* AppDelegate.swift */; };
		4BE8A60221D6CB06009B66F0 /* Assets.xcassets in Resources */ = {isa = PBXBuildFile; fileRef = 4BE8A60121D6CB06009B66F0 /* Assets.xcassets */; };
		4BEB54CE22D10B6B00872896 /* AppFlowCoordinator.swift in Sources */ = {isa = PBXBuildFile; fileRef = 4BEB54CD22D10B6B00872896 /* AppFlowCoordinator.swift */; };
		4BED8F4B22E503EC008F7233 /* ErrorTextField.swift in Sources */ = {isa = PBXBuildFile; fileRef = 4BED8F4A22E503EC008F7233 /* ErrorTextField.swift */; };
		6FCB6B8038C5EE6721108461 /* Pods_IOSSemestralWork.framework in Frameworks */ = {isa = PBXBuildFile; fileRef = 552EF9EDE482CA24354BC9AD /* Pods_IOSSemestralWork.framework */; };
		9281FB478928E789D5755880 /* Pods_UnitTests.framework in Frameworks */ = {isa = PBXBuildFile; fileRef = 1F43B7345AE8AE020A7E54F4 /* Pods_UnitTests.framework */; };
		C1971EA8F4F0253B61134AA0 /* Pods_FeedTodayAppExtension.framework in Frameworks */ = {isa = PBXBuildFile; fileRef = F6788763BE65516A1B00859C /* Pods_FeedTodayAppExtension.framework */; };
/* End PBXBuildFile section */

/* Begin PBXContainerItemProxy section */
		4BE1B2F622DC7D0A00D33E85 /* PBXContainerItemProxy */ = {
			isa = PBXContainerItemProxy;
			containerPortal = 4BE8A5EF21D6CB05009B66F0 /* Project object */;
			proxyType = 1;
			remoteGlobalIDString = 4BE1B2EB22DC7D0A00D33E85;
			remoteInfo = FeedTodayAppExtension;
		};
		4BE7641C22D2275C00A250B4 /* PBXContainerItemProxy */ = {
			isa = PBXContainerItemProxy;
			containerPortal = 4BE8A5EF21D6CB05009B66F0 /* Project object */;
			proxyType = 1;
			remoteGlobalIDString = 4BE7641722D2270400A250B4;
			remoteInfo = "Generate Preprocessor file";
		};
		4BE8021422CCED500014DED4 /* PBXContainerItemProxy */ = {
			isa = PBXContainerItemProxy;
			containerPortal = 4BE8A5EF21D6CB05009B66F0 /* Project object */;
			proxyType = 1;
			remoteGlobalIDString = 4BE8A5F621D6CB05009B66F0;
			remoteInfo = IOSSemestralWork;
		};
/* End PBXContainerItemProxy section */

/* Begin PBXCopyFilesBuildPhase section */
		4BE1B2FC22DC7D0A00D33E85 /* Embed App Extensions */ = {
			isa = PBXCopyFilesBuildPhase;
			buildActionMask = 2147483647;
			dstPath = "";
			dstSubfolderSpec = 13;
			files = (
				4BE1B2F822DC7D0A00D33E85 /* FeedTodayAppExtension.appex in Embed App Extensions */,
			);
			name = "Embed App Extensions";
			runOnlyForDeploymentPostprocessing = 0;
		};
		4BE1B48922DCF53800D33E85 /* Embed Frameworks */ = {
			isa = PBXCopyFilesBuildPhase;
			buildActionMask = 2147483647;
			dstPath = "";
			dstSubfolderSpec = 10;
			files = (
				4B140DA422DDCBF30070D05B /* Data.framework in Embed Frameworks */,
				4BE1B48822DCF53800D33E85 /* Resources.framework in Embed Frameworks */,
				4B140D6B22DDB67D0070D05B /* Common.framework in Embed Frameworks */,
			);
			name = "Embed Frameworks";
			runOnlyForDeploymentPostprocessing = 0;
		};
/* End PBXCopyFilesBuildPhase section */

/* Begin PBXFileReference section */
		0004DA09F3461EB9C4357216 /* Pods-FeedTodayAppExtension.debug.xcconfig */ = {isa = PBXFileReference; includeInIndex = 1; lastKnownFileType = text.xcconfig; name = "Pods-FeedTodayAppExtension.debug.xcconfig"; path = "Pods/Target Support Files/Pods-FeedTodayAppExtension/Pods-FeedTodayAppExtension.debug.xcconfig"; sourceTree = "<group>"; };
		1715EF30FE6687A6157A5573 /* Pods-IOSSemestralWork.debug.xcconfig */ = {isa = PBXFileReference; includeInIndex = 1; lastKnownFileType = text.xcconfig; name = "Pods-IOSSemestralWork.debug.xcconfig"; path = "Pods/Target Support Files/Pods-IOSSemestralWork/Pods-IOSSemestralWork.debug.xcconfig"; sourceTree = "<group>"; };
		175948B3DF099A3B90E41353 /* Pods-UnitTests.debug.xcconfig */ = {isa = PBXFileReference; includeInIndex = 1; lastKnownFileType = text.xcconfig; name = "Pods-UnitTests.debug.xcconfig"; path = "Pods/Target Support Files/Pods-UnitTests/Pods-UnitTests.debug.xcconfig"; sourceTree = "<group>"; };
		1F43B7345AE8AE020A7E54F4 /* Pods_UnitTests.framework */ = {isa = PBXFileReference; explicitFileType = wrapper.framework; includeInIndex = 0; path = Pods_UnitTests.framework; sourceTree = BUILT_PRODUCTS_DIR; };
		32B476AC863420844BE38DAA /* Pods-FeedTodayAppExtension.release.xcconfig */ = {isa = PBXFileReference; includeInIndex = 1; lastKnownFileType = text.xcconfig; name = "Pods-FeedTodayAppExtension.release.xcconfig"; path = "Pods/Target Support Files/Pods-FeedTodayAppExtension/Pods-FeedTodayAppExtension.release.xcconfig"; sourceTree = "<group>"; };
		4B0EA17322C0D6F8004411BD /* Base */ = {isa = PBXFileReference; lastKnownFileType = file.storyboard; name = Base; path = Base.lproj/LaunchScreen.storyboard; sourceTree = "<group>"; };
		4B0EA17822C0D712004411BD /* TestViewController.swift */ = {isa = PBXFileReference; fileEncoding = 4; lastKnownFileType = sourcecode.swift; path = TestViewController.swift; sourceTree = "<group>"; };
		4B0EA48022C0DF6A004411BD /* .gitignore */ = {isa = PBXFileReference; fileEncoding = 4; lastKnownFileType = text; path = .gitignore; sourceTree = SOURCE_ROOT; };
		4B140D6922DDB67D0070D05B /* Common.framework */ = {isa = PBXFileReference; explicitFileType = wrapper.framework; path = Common.framework; sourceTree = BUILT_PRODUCTS_DIR; };
		4B140DA222DDCBF30070D05B /* Data.framework */ = {isa = PBXFileReference; explicitFileType = wrapper.framework; path = Data.framework; sourceTree = BUILT_PRODUCTS_DIR; };
		4B15BF8622D4990A00B3B962 /* ItemCell.swift */ = {isa = PBXFileReference; fileEncoding = 4; lastKnownFileType = sourcecode.swift; name = ItemCell.swift; path = ItemCell/ItemCell.swift; sourceTree = "<group>"; };
		4B164BD422E0794500753626 /* Data.framework */ = {isa = PBXFileReference; explicitFileType = wrapper.framework; path = Data.framework; sourceTree = BUILT_PRODUCTS_DIR; };
		4B164BD622E07C5D00753626 /* FeedTodayAppExtension.entitlements */ = {isa = PBXFileReference; lastKnownFileType = text.plist.entitlements; path = FeedTodayAppExtension.entitlements; sourceTree = "<group>"; };
		4B164BD722E07C8B00753626 /* IOSSemestralWork.entitlements */ = {isa = PBXFileReference; lastKnownFileType = text.plist.entitlements; path = IOSSemestralWork.entitlements; sourceTree = "<group>"; };
		4B53B43622D2481900454E94 /* ItemTableVM.swift */ = {isa = PBXFileReference; lastKnownFileType = sourcecode.swift; path = ItemTableVM.swift; sourceTree = "<group>"; };
		4B53B43822D2494700454E94 /* ItemTableVC.swift */ = {isa = PBXFileReference; lastKnownFileType = sourcecode.swift; path = ItemTableVC.swift; sourceTree = "<group>"; };
		4B53B43A22D24C8C00454E94 /* RefreshControl.swift */ = {isa = PBXFileReference; lastKnownFileType = sourcecode.swift; path = RefreshControl.swift; sourceTree = "<group>"; };
		4B53B44722D24EDF00454E94 /* PullToRefreshView.xib */ = {isa = PBXFileReference; fileEncoding = 4; lastKnownFileType = file.xib; path = PullToRefreshView.xib; sourceTree = "<group>"; };
		4B53B44822D24EDF00454E94 /* PullToRefreshView.swift */ = {isa = PBXFileReference; fileEncoding = 4; lastKnownFileType = sourcecode.swift; path = PullToRefreshView.swift; sourceTree = "<group>"; };
		4B7E919E22E32080005F018D /* FolderEditVC.swift */ = {isa = PBXFileReference; lastKnownFileType = sourcecode.swift; path = FolderEditVC.swift; sourceTree = "<group>"; };
		4B7E91A022E320B3005F018D /* FolderEditVM.swift */ = {isa = PBXFileReference; lastKnownFileType = sourcecode.swift; path = FolderEditVM.swift; sourceTree = "<group>"; };
		4BCD96A522CB99BC00F214E2 /* Base.swift */ = {isa = PBXFileReference; lastKnownFileType = sourcecode.swift; path = Base.swift; sourceTree = "<group>"; };
		4BCD96A822CB9BD000F214E2 /* RSSFeedEditVM.swift */ = {isa = PBXFileReference; lastKnownFileType = sourcecode.swift; path = RSSFeedEditVM.swift; sourceTree = "<group>"; };
		4BD2DD0722CE0C9C00F445F4 /* TestDependency.swift */ = {isa = PBXFileReference; lastKnownFileType = sourcecode.swift; path = TestDependency.swift; sourceTree = "<group>"; };
		4BDE2ECC22DB253900AAF3DC /* RSSItemVC.swift */ = {isa = PBXFileReference; lastKnownFileType = sourcecode.swift; path = RSSItemVC.swift; sourceTree = "<group>"; };
		4BDE2ECE22DB267800AAF3DC /* RSSItemVM.swift */ = {isa = PBXFileReference; lastKnownFileType = sourcecode.swift; path = RSSItemVM.swift; sourceTree = "<group>"; };
		4BE1A7D622D88A4800762AE0 /* RSSItemsTableVC.swift */ = {isa = PBXFileReference; lastKnownFileType = sourcecode.swift; path = RSSItemsTableVC.swift; sourceTree = "<group>"; };
		4BE1A7D822D88A5A00762AE0 /* RSSItemsTableVM.swift */ = {isa = PBXFileReference; lastKnownFileType = sourcecode.swift; path = RSSItemsTableVM.swift; sourceTree = "<group>"; };
		4BE1A7DC22D8F9D100762AE0 /* RssItemCell.swift */ = {isa = PBXFileReference; fileEncoding = 4; lastKnownFileType = sourcecode.swift; name = RssItemCell.swift; path = RssItemCell/RssItemCell.swift; sourceTree = "<group>"; };
		4BE1B2EC22DC7D0A00D33E85 /* FeedTodayAppExtension.appex */ = {isa = PBXFileReference; explicitFileType = "wrapper.app-extension"; includeInIndex = 0; path = FeedTodayAppExtension.appex; sourceTree = BUILT_PRODUCTS_DIR; };
		4BE1B2ED22DC7D0A00D33E85 /* NotificationCenter.framework */ = {isa = PBXFileReference; lastKnownFileType = wrapper.framework; name = NotificationCenter.framework; path = System/Library/Frameworks/NotificationCenter.framework; sourceTree = SDKROOT; };
		4BE1B2F022DC7D0A00D33E85 /* TodayVC.swift */ = {isa = PBXFileReference; lastKnownFileType = sourcecode.swift; path = TodayVC.swift; sourceTree = "<group>"; };
		4BE1B2F522DC7D0A00D33E85 /* Info.plist */ = {isa = PBXFileReference; lastKnownFileType = text.plist.xml; path = Info.plist; sourceTree = "<group>"; };
		4BE1B48022DCF31900D33E85 /* Gemfile */ = {isa = PBXFileReference; fileEncoding = 4; lastKnownFileType = text; path = Gemfile; sourceTree = "<group>"; };
		4BE1B48622DCF53800D33E85 /* Resources.framework */ = {isa = PBXFileReference; explicitFileType = wrapper.framework; path = Resources.framework; sourceTree = BUILT_PRODUCTS_DIR; };
		4BE1E22122D1EADF002438CF /* .travis.yml */ = {isa = PBXFileReference; fileEncoding = 4; lastKnownFileType = text; path = .travis.yml; sourceTree = SOURCE_ROOT; };
		4BE44F8422CE43560042925A /* RSSFeedEditVC.swift */ = {isa = PBXFileReference; lastKnownFileType = sourcecode.swift; path = RSSFeedEditVC.swift; sourceTree = "<group>"; };
		4BE8020F22CCED500014DED4 /* UnitTests.xctest */ = {isa = PBXFileReference; explicitFileType = wrapper.cfbundle; includeInIndex = 0; path = UnitTests.xctest; sourceTree = BUILT_PRODUCTS_DIR; };
		4BE8021122CCED500014DED4 /* RSSFeedEditVMTest.swift */ = {isa = PBXFileReference; lastKnownFileType = sourcecode.swift; path = RSSFeedEditVMTest.swift; sourceTree = "<group>"; };
		4BE8021322CCED500014DED4 /* Info.plist */ = {isa = PBXFileReference; lastKnownFileType = text.plist.xml; path = Info.plist; sourceTree = "<group>"; };
		4BE8A5F721D6CB05009B66F0 /* IOSSemestralWork.app */ = {isa = PBXFileReference; explicitFileType = wrapper.application; includeInIndex = 0; path = IOSSemestralWork.app; sourceTree = BUILT_PRODUCTS_DIR; };
		4BE8A5FA21D6CB05009B66F0 /* AppDelegate.swift */ = {isa = PBXFileReference; lastKnownFileType = sourcecode.swift; path = AppDelegate.swift; sourceTree = "<group>"; };
		4BE8A60121D6CB06009B66F0 /* Assets.xcassets */ = {isa = PBXFileReference; lastKnownFileType = folder.assetcatalog; path = Assets.xcassets; sourceTree = "<group>"; };
		4BE8A60621D6CB06009B66F0 /* Info.plist */ = {isa = PBXFileReference; lastKnownFileType = text.plist.xml; path = Info.plist; sourceTree = "<group>"; };
		4BEB54CD22D10B6B00872896 /* AppFlowCoordinator.swift */ = {isa = PBXFileReference; lastKnownFileType = sourcecode.swift; path = AppFlowCoordinator.swift; sourceTree = "<group>"; };
		4BED8F4A22E503EC008F7233 /* ErrorTextField.swift */ = {isa = PBXFileReference; lastKnownFileType = sourcecode.swift; path = ErrorTextField.swift; sourceTree = "<group>"; };
		4BFF775C22C1078F008047CB /* phase_generatePreprocessHeaders.sh */ = {isa = PBXFileReference; fileEncoding = 4; lastKnownFileType = text.script.sh; path = phase_generatePreprocessHeaders.sh; sourceTree = "<group>"; };
		552EF9EDE482CA24354BC9AD /* Pods_IOSSemestralWork.framework */ = {isa = PBXFileReference; explicitFileType = wrapper.framework; includeInIndex = 0; path = Pods_IOSSemestralWork.framework; sourceTree = BUILT_PRODUCTS_DIR; };
		5EBA44F4C9DA0B60A0DAF51F /* Pods-IOSSemestralWork.release.xcconfig */ = {isa = PBXFileReference; includeInIndex = 1; lastKnownFileType = text.xcconfig; name = "Pods-IOSSemestralWork.release.xcconfig"; path = "Pods/Target Support Files/Pods-IOSSemestralWork/Pods-IOSSemestralWork.release.xcconfig"; sourceTree = "<group>"; };
		DD7183ABE11019DD1B7E0B4B /* Pods-UnitTests.release.xcconfig */ = {isa = PBXFileReference; includeInIndex = 1; lastKnownFileType = text.xcconfig; name = "Pods-UnitTests.release.xcconfig"; path = "Pods/Target Support Files/Pods-UnitTests/Pods-UnitTests.release.xcconfig"; sourceTree = "<group>"; };
		F6788763BE65516A1B00859C /* Pods_FeedTodayAppExtension.framework */ = {isa = PBXFileReference; explicitFileType = wrapper.framework; includeInIndex = 0; path = Pods_FeedTodayAppExtension.framework; sourceTree = BUILT_PRODUCTS_DIR; };
/* End PBXFileReference section */

/* Begin PBXFrameworksBuildPhase section */
		4BE1B2E922DC7D0A00D33E85 /* Frameworks */ = {
			isa = PBXFrameworksBuildPhase;
			buildActionMask = 2147483647;
			files = (
				4B164BD522E0794500753626 /* Data.framework in Frameworks */,
				4BE1B2EE22DC7D0A00D33E85 /* NotificationCenter.framework in Frameworks */,
				C1971EA8F4F0253B61134AA0 /* Pods_FeedTodayAppExtension.framework in Frameworks */,
			);
			runOnlyForDeploymentPostprocessing = 0;
		};
		4BE8020C22CCED500014DED4 /* Frameworks */ = {
			isa = PBXFrameworksBuildPhase;
			buildActionMask = 2147483647;
			files = (
				9281FB478928E789D5755880 /* Pods_UnitTests.framework in Frameworks */,
			);
			runOnlyForDeploymentPostprocessing = 0;
		};
		4BE8A5F421D6CB05009B66F0 /* Frameworks */ = {
			isa = PBXFrameworksBuildPhase;
			buildActionMask = 2147483647;
			files = (
				4B140DA322DDCBF30070D05B /* Data.framework in Frameworks */,
				4B140D6A22DDB67D0070D05B /* Common.framework in Frameworks */,
				4BE1B48722DCF53800D33E85 /* Resources.framework in Frameworks */,
				6FCB6B8038C5EE6721108461 /* Pods_IOSSemestralWork.framework in Frameworks */,
			);
			runOnlyForDeploymentPostprocessing = 0;
		};
/* End PBXFrameworksBuildPhase section */

/* Begin PBXGroup section */
		4B53B44622D24EDF00454E94 /* PullToRefresh */ = {
			isa = PBXGroup;
			children = (
				4B53B44722D24EDF00454E94 /* PullToRefreshView.xib */,
				4B53B44822D24EDF00454E94 /* PullToRefreshView.swift */,
			);
			path = PullToRefresh;
			sourceTree = "<group>";
		};
		4BCD96A422CB98B000F214E2 /* ViewModel */ = {
			isa = PBXGroup;
			children = (
				4BCD96A822CB9BD000F214E2 /* RSSFeedEditVM.swift */,
				4B7E91A022E320B3005F018D /* FolderEditVM.swift */,
				4B53B43622D2481900454E94 /* ItemTableVM.swift */,
				4BE1A7D822D88A5A00762AE0 /* RSSItemsTableVM.swift */,
				4BDE2ECE22DB267800AAF3DC /* RSSItemVM.swift */,
			);
			path = ViewModel;
			sourceTree = "<group>";
		};
		4BCD96A722CB9A0100F214E2 /* Views */ = {
			isa = PBXGroup;
			children = (
				4B0EA17822C0D712004411BD /* TestViewController.swift */,
				4BE44F8422CE43560042925A /* RSSFeedEditVC.swift */,
				4B7E919E22E32080005F018D /* FolderEditVC.swift */,
				4B53B43822D2494700454E94 /* ItemTableVC.swift */,
				4BE1A7D622D88A4800762AE0 /* RSSItemsTableVC.swift */,
				4BDE2ECC22DB253900AAF3DC /* RSSItemVC.swift */,
			);
			path = Views;
			sourceTree = "<group>";
		};
		4BD2DD0422CE099900F445F4 /* Screens */ = {
			isa = PBXGroup;
			children = (
				4B53B44622D24EDF00454E94 /* PullToRefresh */,
				4BCD96A722CB9A0100F214E2 /* Views */,
				4BCD96A422CB98B000F214E2 /* ViewModel */,
				4BCD96A522CB99BC00F214E2 /* Base.swift */,
				4B53B43A22D24C8C00454E94 /* RefreshControl.swift */,
				4B15BF8622D4990A00B3B962 /* ItemCell.swift */,
				4BE1A7DC22D8F9D100762AE0 /* RssItemCell.swift */,
				4BED8F4A22E503EC008F7233 /* ErrorTextField.swift */,
			);
			path = Screens;
			sourceTree = "<group>";
		};
		4BE1B2EF22DC7D0A00D33E85 /* FeedTodayAppExtension */ = {
			isa = PBXGroup;
			children = (
				4B164BD622E07C5D00753626 /* FeedTodayAppExtension.entitlements */,
				4BE1B2F022DC7D0A00D33E85 /* TodayVC.swift */,
				4BE1B2F522DC7D0A00D33E85 /* Info.plist */,
			);
			path = FeedTodayAppExtension;
			sourceTree = "<group>";
		};
		4BE4C06321DA38DA00505A0F /* SupportFiles */ = {
			isa = PBXGroup;
			children = (
				4BE8A60121D6CB06009B66F0 /* Assets.xcassets */,
				4B0EA48022C0DF6A004411BD /* .gitignore */,
			);
			path = SupportFiles;
			sourceTree = "<group>";
		};
		4BE8021022CCED500014DED4 /* UnitTests */ = {
			isa = PBXGroup;
			children = (
				4BE8021122CCED500014DED4 /* RSSFeedEditVMTest.swift */,
				4BD2DD0722CE0C9C00F445F4 /* TestDependency.swift */,
				4BE8021322CCED500014DED4 /* Info.plist */,
			);
			path = UnitTests;
			sourceTree = "<group>";
		};
		4BE8A5EE21D6CB05009B66F0 = {
			isa = PBXGroup;
			children = (
				4B140DA222DDCBF30070D05B /* Data.framework */,
				4B140D6922DDB67D0070D05B /* Common.framework */,
				4BE1B48622DCF53800D33E85 /* Resources.framework */,
				4BE8A5F921D6CB05009B66F0 /* IOSSemestralWork */,
				4BFF775B22C1078F008047CB /* Configs */,
				4BE8021022CCED500014DED4 /* UnitTests */,
				4BE1B2EF22DC7D0A00D33E85 /* FeedTodayAppExtension */,
				4BE8A5F821D6CB05009B66F0 /* Products */,
				5BF2A335EE5DD817F32A6E54 /* Frameworks */,
				871A9ADE31D755E75C8566F4 /* Pods */,
			);
			sourceTree = "<group>";
		};
		4BE8A5F821D6CB05009B66F0 /* Products */ = {
			isa = PBXGroup;
			children = (
				4BE8A5F721D6CB05009B66F0 /* IOSSemestralWork.app */,
				4BE8020F22CCED500014DED4 /* UnitTests.xctest */,
				4BE1B2EC22DC7D0A00D33E85 /* FeedTodayAppExtension.appex */,
			);
			name = Products;
			sourceTree = "<group>";
		};
		4BE8A5F921D6CB05009B66F0 /* IOSSemestralWork */ = {
			isa = PBXGroup;
			children = (
				4B164BD722E07C8B00753626 /* IOSSemestralWork.entitlements */,
				4BEB54CC22D10B3C00872896 /* FlowCoordinators */,
				4BD2DD0422CE099900F445F4 /* Screens */,
				4BE4C06321DA38DA00505A0F /* SupportFiles */,
				4BE8A5FA21D6CB05009B66F0 /* AppDelegate.swift */,
				4B0EA17222C0D6F8004411BD /* LaunchScreen.storyboard */,
				4BE8A60621D6CB06009B66F0 /* Info.plist */,
			);
			path = IOSSemestralWork;
			sourceTree = "<group>";
		};
		4BEB54CC22D10B3C00872896 /* FlowCoordinators */ = {
			isa = PBXGroup;
			children = (
				4BEB54CD22D10B6B00872896 /* AppFlowCoordinator.swift */,
			);
			path = FlowCoordinators;
			sourceTree = "<group>";
		};
		4BFF775B22C1078F008047CB /* Configs */ = {
			isa = PBXGroup;
			children = (
				4BE1E22122D1EADF002438CF /* .travis.yml */,
				4BE1B48022DCF31900D33E85 /* Gemfile */,
				4BFF775C22C1078F008047CB /* phase_generatePreprocessHeaders.sh */,
			);
			path = Configs;
			sourceTree = "<group>";
		};
		5BF2A335EE5DD817F32A6E54 /* Frameworks */ = {
			isa = PBXGroup;
			children = (
				4B164BD422E0794500753626 /* Data.framework */,
				4BE1B2ED22DC7D0A00D33E85 /* NotificationCenter.framework */,
				F6788763BE65516A1B00859C /* Pods_FeedTodayAppExtension.framework */,
				552EF9EDE482CA24354BC9AD /* Pods_IOSSemestralWork.framework */,
				1F43B7345AE8AE020A7E54F4 /* Pods_UnitTests.framework */,
			);
			name = Frameworks;
			sourceTree = "<group>";
		};
		871A9ADE31D755E75C8566F4 /* Pods */ = {
			isa = PBXGroup;
			children = (
				0004DA09F3461EB9C4357216 /* Pods-FeedTodayAppExtension.debug.xcconfig */,
				32B476AC863420844BE38DAA /* Pods-FeedTodayAppExtension.release.xcconfig */,
				1715EF30FE6687A6157A5573 /* Pods-IOSSemestralWork.debug.xcconfig */,
				5EBA44F4C9DA0B60A0DAF51F /* Pods-IOSSemestralWork.release.xcconfig */,
				175948B3DF099A3B90E41353 /* Pods-UnitTests.debug.xcconfig */,
				DD7183ABE11019DD1B7E0B4B /* Pods-UnitTests.release.xcconfig */,
			);
			name = Pods;
			sourceTree = "<group>";
		};
/* End PBXGroup section */

/* Begin PBXNativeTarget section */
		4BE1B2EB22DC7D0A00D33E85 /* FeedTodayAppExtension */ = {
			isa = PBXNativeTarget;
			buildConfigurationList = 4BE1B2FB22DC7D0A00D33E85 /* Build configuration list for PBXNativeTarget "FeedTodayAppExtension" */;
			buildPhases = (
				DD2155C0875EE2BC6E74C05C /* [CP] Check Pods Manifest.lock */,
				4BE1B2E822DC7D0A00D33E85 /* Sources */,
				4BE1B2E922DC7D0A00D33E85 /* Frameworks */,
				4BE1B2EA22DC7D0A00D33E85 /* Resources */,
			);
			buildRules = (
			);
			dependencies = (
			);
			name = FeedTodayAppExtension;
			productName = FeedTodayAppExtension;
			productReference = 4BE1B2EC22DC7D0A00D33E85 /* FeedTodayAppExtension.appex */;
			productType = "com.apple.product-type.app-extension";
		};
		4BE8020E22CCED500014DED4 /* UnitTests */ = {
			isa = PBXNativeTarget;
			buildConfigurationList = 4BE8021822CCED500014DED4 /* Build configuration list for PBXNativeTarget "UnitTests" */;
			buildPhases = (
				2F1E20F2CE6C172F491B5BA5 /* [CP] Check Pods Manifest.lock */,
				4BE8020B22CCED500014DED4 /* Sources */,
				4BE8020C22CCED500014DED4 /* Frameworks */,
				4BE8020D22CCED500014DED4 /* Resources */,
				F47F3E8E195F0CE1975CC9D3 /* [CP] Embed Pods Frameworks */,
			);
			buildRules = (
			);
			dependencies = (
				4BE8021522CCED500014DED4 /* PBXTargetDependency */,
			);
			name = UnitTests;
			productName = UnitTests;
			productReference = 4BE8020F22CCED500014DED4 /* UnitTests.xctest */;
			productType = "com.apple.product-type.bundle.unit-test";
		};
		4BE8A5F621D6CB05009B66F0 /* IOSSemestralWork */ = {
			isa = PBXNativeTarget;
			buildConfigurationList = 4BE8A60921D6CB06009B66F0 /* Build configuration list for PBXNativeTarget "IOSSemestralWork" */;
			buildPhases = (
				5008FC25B22816059D527D58 /* [CP] Check Pods Manifest.lock */,
				4BE8A5F321D6CB05009B66F0 /* Sources */,
				4BE8A5F421D6CB05009B66F0 /* Frameworks */,
				4BE8A5F521D6CB05009B66F0 /* Resources */,
				4BE1B2FC22DC7D0A00D33E85 /* Embed App Extensions */,
				4BE1B48922DCF53800D33E85 /* Embed Frameworks */,
				312294AEA442423EA9663B95 /* [CP] Embed Pods Frameworks */,
			);
			buildRules = (
			);
			dependencies = (
				4BE7641D22D2275C00A250B4 /* PBXTargetDependency */,
				4BE1B2F722DC7D0A00D33E85 /* PBXTargetDependency */,
			);
			name = IOSSemestralWork;
			productName = IOSSemestralWork;
			productReference = 4BE8A5F721D6CB05009B66F0 /* IOSSemestralWork.app */;
			productType = "com.apple.product-type.application";
		};
/* End PBXNativeTarget section */

/* Begin PBXProject section */
		4BE8A5EF21D6CB05009B66F0 /* Project object */ = {
			isa = PBXProject;
			attributes = {
				LastSwiftUpdateCheck = 1020;
				LastUpgradeCheck = 1010;
				ORGANIZATIONNAME = "Petr Budík";
				TargetAttributes = {
					4BE1B2EB22DC7D0A00D33E85 = {
						CreatedOnToolsVersion = 10.2.1;
						SystemCapabilities = {
							com.apple.ApplicationGroups.iOS = {
								enabled = 1;
							};
						};
					};
					4BE7641722D2270400A250B4 = {
						CreatedOnToolsVersion = 10.2.1;
					};
					4BE8020E22CCED500014DED4 = {
						CreatedOnToolsVersion = 10.2.1;
						TestTargetID = 4BE8A5F621D6CB05009B66F0;
					};
					4BE8A5F621D6CB05009B66F0 = {
						CreatedOnToolsVersion = 10.1;
						LastSwiftMigration = 1020;
						SystemCapabilities = {
							com.apple.ApplicationGroups.iOS = {
								enabled = 1;
							};
							com.apple.BackgroundModes = {
								enabled = 1;
							};
						};
					};
					4BFF774E22C0FD2B008047CB = {
						CreatedOnToolsVersion = 10.2.1;
					};
				};
			};
			buildConfigurationList = 4BE8A5F221D6CB05009B66F0 /* Build configuration list for PBXProject "IOSSemestralWork" */;
			compatibilityVersion = "Xcode 9.3";
			developmentRegion = en;
			hasScannedForEncodings = 0;
			knownRegions = (
				Base,
				en,
				cs,
			);
			mainGroup = 4BE8A5EE21D6CB05009B66F0;
			productRefGroup = 4BE8A5F821D6CB05009B66F0 /* Products */;
			projectDirPath = "";
			projectRoot = "";
			targets = (
				4BE8A5F621D6CB05009B66F0 /* IOSSemestralWork */,
				4BFF774E22C0FD2B008047CB /* Localization */,
				4BE7641722D2270400A250B4 /* Generate Preprocessor file */,
				4BE8020E22CCED500014DED4 /* UnitTests */,
				4BE1B2EB22DC7D0A00D33E85 /* FeedTodayAppExtension */,
			);
		};
/* End PBXProject section */

/* Begin PBXResourcesBuildPhase section */
		4BE1B2EA22DC7D0A00D33E85 /* Resources */ = {
			isa = PBXResourcesBuildPhase;
			buildActionMask = 2147483647;
			files = (
			);
			runOnlyForDeploymentPostprocessing = 0;
		};
		4BE8020D22CCED500014DED4 /* Resources */ = {
			isa = PBXResourcesBuildPhase;
			buildActionMask = 2147483647;
			files = (
			);
			runOnlyForDeploymentPostprocessing = 0;
		};
		4BE8A5F521D6CB05009B66F0 /* Resources */ = {
			isa = PBXResourcesBuildPhase;
			buildActionMask = 2147483647;
			files = (
				4B53B44922D24EE000454E94 /* PullToRefreshView.xib in Resources */,
				4B0EA17622C0D6F8004411BD /* LaunchScreen.storyboard in Resources */,
				4BE1B48122DCF31900D33E85 /* Gemfile in Resources */,
				4BE8A60221D6CB06009B66F0 /* Assets.xcassets in Resources */,
				4B0EA48122C0DF6A004411BD /* .gitignore in Resources */,
			);
			runOnlyForDeploymentPostprocessing = 0;
		};
/* End PBXResourcesBuildPhase section */

/* Begin PBXShellScriptBuildPhase section */
		2F1E20F2CE6C172F491B5BA5 /* [CP] Check Pods Manifest.lock */ = {
			isa = PBXShellScriptBuildPhase;
			buildActionMask = 2147483647;
			files = (
			);
			inputFileListPaths = (
			);
			inputPaths = (
				"${PODS_PODFILE_DIR_PATH}/Podfile.lock",
				"${PODS_ROOT}/Manifest.lock",
			);
			name = "[CP] Check Pods Manifest.lock";
			outputFileListPaths = (
			);
			outputPaths = (
				"$(DERIVED_FILE_DIR)/Pods-UnitTests-checkManifestLockResult.txt",
			);
			runOnlyForDeploymentPostprocessing = 0;
			shellPath = /bin/sh;
			shellScript = "diff \"${PODS_PODFILE_DIR_PATH}/Podfile.lock\" \"${PODS_ROOT}/Manifest.lock\" > /dev/null\nif [ $? != 0 ] ; then\n    # print error to STDERR\n    echo \"error: The sandbox is not in sync with the Podfile.lock. Run 'pod install' or update your CocoaPods installation.\" >&2\n    exit 1\nfi\n# This output is used by Xcode 'outputs' to avoid re-running this script phase.\necho \"SUCCESS\" > \"${SCRIPT_OUTPUT_FILE_0}\"\n";
			showEnvVarsInLog = 0;
		};
		312294AEA442423EA9663B95 /* [CP] Embed Pods Frameworks */ = {
			isa = PBXShellScriptBuildPhase;
			buildActionMask = 2147483647;
			files = (
			);
			inputFileListPaths = (
			);
			inputPaths = (
				"${SRCROOT}/Pods/Target Support Files/Pods-IOSSemestralWork/Pods-IOSSemestralWork-frameworks.sh",
				"${BUILT_PRODUCTS_DIR}/Alamofire/Alamofire.framework",
				"${BUILT_PRODUCTS_DIR}/AlamofireRSSParser/AlamofireRSSParser.framework",
				"${BUILT_PRODUCTS_DIR}/Overture/Overture.framework",
				"${BUILT_PRODUCTS_DIR}/ReactiveCocoa/ReactiveCocoa.framework",
				"${BUILT_PRODUCTS_DIR}/ReactiveSwift/ReactiveSwift.framework",
				"${BUILT_PRODUCTS_DIR}/Realm/Realm.framework",
				"${BUILT_PRODUCTS_DIR}/RealmSwift/RealmSwift.framework",
				"${BUILT_PRODUCTS_DIR}/SnapKit/SnapKit.framework",
				"${BUILT_PRODUCTS_DIR}/Toast-Swift/Toast_Swift.framework",
			);
			name = "[CP] Embed Pods Frameworks";
			outputFileListPaths = (
			);
			outputPaths = (
				"${TARGET_BUILD_DIR}/${FRAMEWORKS_FOLDER_PATH}/Alamofire.framework",
				"${TARGET_BUILD_DIR}/${FRAMEWORKS_FOLDER_PATH}/AlamofireRSSParser.framework",
				"${TARGET_BUILD_DIR}/${FRAMEWORKS_FOLDER_PATH}/Overture.framework",
				"${TARGET_BUILD_DIR}/${FRAMEWORKS_FOLDER_PATH}/ReactiveCocoa.framework",
				"${TARGET_BUILD_DIR}/${FRAMEWORKS_FOLDER_PATH}/ReactiveSwift.framework",
				"${TARGET_BUILD_DIR}/${FRAMEWORKS_FOLDER_PATH}/Realm.framework",
				"${TARGET_BUILD_DIR}/${FRAMEWORKS_FOLDER_PATH}/RealmSwift.framework",
				"${TARGET_BUILD_DIR}/${FRAMEWORKS_FOLDER_PATH}/SnapKit.framework",
				"${TARGET_BUILD_DIR}/${FRAMEWORKS_FOLDER_PATH}/Toast_Swift.framework",
			);
			runOnlyForDeploymentPostprocessing = 0;
			shellPath = /bin/sh;
			shellScript = "\"${SRCROOT}/Pods/Target Support Files/Pods-IOSSemestralWork/Pods-IOSSemestralWork-frameworks.sh\"\n";
			showEnvVarsInLog = 0;
		};
		4BE7641B22D2272600A250B4 /* Generate preprocessor file */ = {
			isa = PBXShellScriptBuildPhase;
			buildActionMask = 2147483647;
			files = (
			);
			inputFileListPaths = (
			);
			inputPaths = (
			);
			name = "Generate preprocessor file";
			outputFileListPaths = (
			);
			outputPaths = (
			);
			runOnlyForDeploymentPostprocessing = 0;
			shellPath = /bin/sh;
			shellScript = "# Type a script or drag a script file from your workspace to insert its path.\nsh \"$PROJECT_DIR/Configs/phase_generatePreprocessHeaders.sh\"\n";
		};
		4BFF775222C0FD33008047CB /* Download localized strings from online spreadsheet */ = {
			isa = PBXShellScriptBuildPhase;
			buildActionMask = 2147483647;
			files = (
			);
			inputFileListPaths = (
			);
			inputPaths = (
			);
			name = "Download localized strings from online spreadsheet";
			outputFileListPaths = (
			);
			outputPaths = (
			);
			runOnlyForDeploymentPostprocessing = 0;
			shellPath = /bin/sh;
			shellScript = "# Download from spreadsheet\n# https://docs.google.com/spreadsheets/d/e/2PACX-1vQYmseYrhYp3c_wifBEJV40FPyZG4ugMOm0ZwsbmH59R3P9WS6HIY_sdr72Wf76gfPI2-c6KM45Wvn3/pubhtml\n\n\"$PROJECT_DIR/Pods/ACKLocalization/Localization\" \"1vQYmseYrhYp3c_wifBEJV40FPyZG4ugMOm0ZwsbmH59R3P9WS6HIY_sdr72Wf76gfPI2-c6KM45Wvn3\" \"key_ios\" '{\"EN\": \"en\", \"CS\": \"cs\"}' \"$PROJECT_DIR/Features/Resources/Resources/Localization\" \"Localizable.strings\"\n";
			showEnvVarsInLog = 0;
		};
		5008FC25B22816059D527D58 /* [CP] Check Pods Manifest.lock */ = {
			isa = PBXShellScriptBuildPhase;
			buildActionMask = 2147483647;
			files = (
			);
			inputFileListPaths = (
			);
			inputPaths = (
				"${PODS_PODFILE_DIR_PATH}/Podfile.lock",
				"${PODS_ROOT}/Manifest.lock",
			);
			name = "[CP] Check Pods Manifest.lock";
			outputFileListPaths = (
			);
			outputPaths = (
				"$(DERIVED_FILE_DIR)/Pods-IOSSemestralWork-checkManifestLockResult.txt",
			);
			runOnlyForDeploymentPostprocessing = 0;
			shellPath = /bin/sh;
			shellScript = "diff \"${PODS_PODFILE_DIR_PATH}/Podfile.lock\" \"${PODS_ROOT}/Manifest.lock\" > /dev/null\nif [ $? != 0 ] ; then\n    # print error to STDERR\n    echo \"error: The sandbox is not in sync with the Podfile.lock. Run 'pod install' or update your CocoaPods installation.\" >&2\n    exit 1\nfi\n# This output is used by Xcode 'outputs' to avoid re-running this script phase.\necho \"SUCCESS\" > \"${SCRIPT_OUTPUT_FILE_0}\"\n";
			showEnvVarsInLog = 0;
		};
		DD2155C0875EE2BC6E74C05C /* [CP] Check Pods Manifest.lock */ = {
			isa = PBXShellScriptBuildPhase;
			buildActionMask = 2147483647;
			files = (
			);
			inputFileListPaths = (
			);
			inputPaths = (
				"${PODS_PODFILE_DIR_PATH}/Podfile.lock",
				"${PODS_ROOT}/Manifest.lock",
			);
			name = "[CP] Check Pods Manifest.lock";
			outputFileListPaths = (
			);
			outputPaths = (
				"$(DERIVED_FILE_DIR)/Pods-FeedTodayAppExtension-checkManifestLockResult.txt",
			);
			runOnlyForDeploymentPostprocessing = 0;
			shellPath = /bin/sh;
			shellScript = "diff \"${PODS_PODFILE_DIR_PATH}/Podfile.lock\" \"${PODS_ROOT}/Manifest.lock\" > /dev/null\nif [ $? != 0 ] ; then\n    # print error to STDERR\n    echo \"error: The sandbox is not in sync with the Podfile.lock. Run 'pod install' or update your CocoaPods installation.\" >&2\n    exit 1\nfi\n# This output is used by Xcode 'outputs' to avoid re-running this script phase.\necho \"SUCCESS\" > \"${SCRIPT_OUTPUT_FILE_0}\"\n";
			showEnvVarsInLog = 0;
		};
		F47F3E8E195F0CE1975CC9D3 /* [CP] Embed Pods Frameworks */ = {
			isa = PBXShellScriptBuildPhase;
			buildActionMask = 2147483647;
			files = (
			);
			inputFileListPaths = (
			);
			inputPaths = (
				"${SRCROOT}/Pods/Target Support Files/Pods-UnitTests/Pods-UnitTests-frameworks.sh",
				"${BUILT_PRODUCTS_DIR}/ReactiveSwift/ReactiveSwift.framework",
				"${BUILT_PRODUCTS_DIR}/Realm/Realm.framework",
				"${BUILT_PRODUCTS_DIR}/RealmSwift/RealmSwift.framework",
			);
			name = "[CP] Embed Pods Frameworks";
			outputFileListPaths = (
			);
			outputPaths = (
				"${TARGET_BUILD_DIR}/${FRAMEWORKS_FOLDER_PATH}/ReactiveSwift.framework",
				"${TARGET_BUILD_DIR}/${FRAMEWORKS_FOLDER_PATH}/Realm.framework",
				"${TARGET_BUILD_DIR}/${FRAMEWORKS_FOLDER_PATH}/RealmSwift.framework",
			);
			runOnlyForDeploymentPostprocessing = 0;
			shellPath = /bin/sh;
			shellScript = "\"${SRCROOT}/Pods/Target Support Files/Pods-UnitTests/Pods-UnitTests-frameworks.sh\"\n";
			showEnvVarsInLog = 0;
		};
/* End PBXShellScriptBuildPhase section */

/* Begin PBXSourcesBuildPhase section */
		4BE1B2E822DC7D0A00D33E85 /* Sources */ = {
			isa = PBXSourcesBuildPhase;
			buildActionMask = 2147483647;
			files = (
				4BE1B2F122DC7D0A00D33E85 /* TodayVC.swift in Sources */,
			);
			runOnlyForDeploymentPostprocessing = 0;
		};
		4BE8020B22CCED500014DED4 /* Sources */ = {
			isa = PBXSourcesBuildPhase;
			buildActionMask = 2147483647;
			files = (
				4BD2DD0822CE0C9C00F445F4 /* TestDependency.swift in Sources */,
				4BE8021222CCED500014DED4 /* RSSFeedEditVMTest.swift in Sources */,
			);
			runOnlyForDeploymentPostprocessing = 0;
		};
		4BE8A5F321D6CB05009B66F0 /* Sources */ = {
			isa = PBXSourcesBuildPhase;
			buildActionMask = 2147483647;
			files = (
				4BCD96A622CB99BC00F214E2 /* Base.swift in Sources */,
				4BE1A7D922D88A5A00762AE0 /* RSSItemsTableVM.swift in Sources */,
				4B0EA17922C0D712004411BD /* TestViewController.swift in Sources */,
				4B53B43922D2494700454E94 /* ItemTableVC.swift in Sources */,
				4B7E91A122E320B3005F018D /* FolderEditVM.swift in Sources */,
				4BDE2ECF22DB267800AAF3DC /* RSSItemVM.swift in Sources */,
				4BE1A7DD22D8F9D100762AE0 /* RssItemCell.swift in Sources */,
				4BED8F4B22E503EC008F7233 /* ErrorTextField.swift in Sources */,
				4BEB54CE22D10B6B00872896 /* AppFlowCoordinator.swift in Sources */,
				4B53B43B22D24C8C00454E94 /* RefreshControl.swift in Sources */,
				4BE44F8522CE43560042925A /* RSSFeedEditVC.swift in Sources */,
				4BE1A7D722D88A4800762AE0 /* RSSItemsTableVC.swift in Sources */,
				4B53B43722D2481900454E94 /* ItemTableVM.swift in Sources */,
				4B7E919F22E32080005F018D /* FolderEditVC.swift in Sources */,
				4BDE2ECD22DB253900AAF3DC /* RSSItemVC.swift in Sources */,
				4B53B44A22D24EE000454E94 /* PullToRefreshView.swift in Sources */,
				4B15BF8722D4990B00B3B962 /* ItemCell.swift in Sources */,
				4BE8A5FB21D6CB05009B66F0 /* AppDelegate.swift in Sources */,
				4BCD96A922CB9BD000F214E2 /* RSSFeedEditVM.swift in Sources */,
			);
			runOnlyForDeploymentPostprocessing = 0;
		};
/* End PBXSourcesBuildPhase section */

/* Begin PBXTargetDependency section */
		4BE1B2F722DC7D0A00D33E85 /* PBXTargetDependency */ = {
			isa = PBXTargetDependency;
			target = 4BE1B2EB22DC7D0A00D33E85 /* FeedTodayAppExtension */;
			targetProxy = 4BE1B2F622DC7D0A00D33E85 /* PBXContainerItemProxy */;
		};
		4BE7641D22D2275C00A250B4 /* PBXTargetDependency */ = {
			isa = PBXTargetDependency;
			target = 4BE7641722D2270400A250B4 /* Generate Preprocessor file */;
			targetProxy = 4BE7641C22D2275C00A250B4 /* PBXContainerItemProxy */;
		};
		4BE8021522CCED500014DED4 /* PBXTargetDependency */ = {
			isa = PBXTargetDependency;
			target = 4BE8A5F621D6CB05009B66F0 /* IOSSemestralWork */;
			targetProxy = 4BE8021422CCED500014DED4 /* PBXContainerItemProxy */;
		};
/* End PBXTargetDependency section */

/* Begin PBXVariantGroup section */
		4B0EA17222C0D6F8004411BD /* LaunchScreen.storyboard */ = {
			isa = PBXVariantGroup;
			children = (
				4B0EA17322C0D6F8004411BD /* Base */,
			);
			name = LaunchScreen.storyboard;
			sourceTree = "<group>";
		};
/* End PBXVariantGroup section */

/* Begin XCBuildConfiguration section */
		4BE1B2F922DC7D0A00D33E85 /* Debug */ = {
			isa = XCBuildConfiguration;
			baseConfigurationReference = 0004DA09F3461EB9C4357216 /* Pods-FeedTodayAppExtension.debug.xcconfig */;
			buildSettings = {
				CODE_SIGN_ENTITLEMENTS = FeedTodayAppExtension/FeedTodayAppExtension.entitlements;
				CODE_SIGN_STYLE = Automatic;
				DEVELOPMENT_TEAM = 634A34CZA9;
				INFOPLIST_FILE = FeedTodayAppExtension/Info.plist;
				IPHONEOS_DEPLOYMENT_TARGET = 12.2;
				LD_RUNPATH_SEARCH_PATHS = (
					"$(inherited)",
					"@executable_path/Frameworks",
					"@executable_path/../../Frameworks",
				);
				PRODUCT_BUNDLE_IDENTIFIER = cz.budikpet.IOSSemestralWork.FeedTodayAppExtension;
				PRODUCT_NAME = "$(TARGET_NAME)";
				SKIP_INSTALL = YES;
				SWIFT_VERSION = 5.0;
				TARGETED_DEVICE_FAMILY = "1,2";
			};
			name = Debug;
		};
		4BE1B2FA22DC7D0A00D33E85 /* Release */ = {
			isa = XCBuildConfiguration;
			baseConfigurationReference = 32B476AC863420844BE38DAA /* Pods-FeedTodayAppExtension.release.xcconfig */;
			buildSettings = {
				CODE_SIGN_ENTITLEMENTS = FeedTodayAppExtension/FeedTodayAppExtension.entitlements;
				CODE_SIGN_STYLE = Automatic;
				DEVELOPMENT_TEAM = 634A34CZA9;
				INFOPLIST_FILE = FeedTodayAppExtension/Info.plist;
				IPHONEOS_DEPLOYMENT_TARGET = 12.2;
				LD_RUNPATH_SEARCH_PATHS = (
					"$(inherited)",
					"@executable_path/Frameworks",
					"@executable_path/../../Frameworks",
				);
				PRODUCT_BUNDLE_IDENTIFIER = cz.budikpet.IOSSemestralWork.FeedTodayAppExtension;
				PRODUCT_NAME = "$(TARGET_NAME)";
				SKIP_INSTALL = YES;
				SWIFT_VERSION = 5.0;
				TARGETED_DEVICE_FAMILY = "1,2";
			};
			name = Release;
		};
		4BE7641822D2270400A250B4 /* Debug */ = {
			isa = XCBuildConfiguration;
			buildSettings = {
				CODE_SIGN_STYLE = Automatic;
				DEVELOPMENT_TEAM = 634A34CZA9;
				PRODUCT_NAME = "$(TARGET_NAME)";
			};
			name = Debug;
		};
		4BE7641922D2270400A250B4 /* Release */ = {
			isa = XCBuildConfiguration;
			buildSettings = {
				CODE_SIGN_STYLE = Automatic;
				DEVELOPMENT_TEAM = 634A34CZA9;
				PRODUCT_NAME = "$(TARGET_NAME)";
			};
			name = Release;
		};
		4BE8021622CCED500014DED4 /* Debug */ = {
			isa = XCBuildConfiguration;
			baseConfigurationReference = 175948B3DF099A3B90E41353 /* Pods-UnitTests.debug.xcconfig */;
			buildSettings = {
				BUNDLE_LOADER = "$(TEST_HOST)";
				CODE_SIGN_STYLE = Automatic;
				DEVELOPMENT_TEAM = 634A34CZA9;
				INFOPLIST_FILE = UnitTests/Info.plist;
				IPHONEOS_DEPLOYMENT_TARGET = 12.2;
				LD_RUNPATH_SEARCH_PATHS = (
					"$(inherited)",
					"@executable_path/Frameworks",
					"@loader_path/Frameworks",
				);
				PRODUCT_BUNDLE_IDENTIFIER = cz.budikpet.UnitTests;
				PRODUCT_NAME = "$(TARGET_NAME)";
				SWIFT_VERSION = 5.0;
				TARGETED_DEVICE_FAMILY = "1,2";
				TEST_HOST = "$(BUILT_PRODUCTS_DIR)/IOSSemestralWork.app/IOSSemestralWork";
			};
			name = Debug;
		};
		4BE8021722CCED500014DED4 /* Release */ = {
			isa = XCBuildConfiguration;
			baseConfigurationReference = DD7183ABE11019DD1B7E0B4B /* Pods-UnitTests.release.xcconfig */;
			buildSettings = {
				BUNDLE_LOADER = "$(TEST_HOST)";
				CODE_SIGN_STYLE = Automatic;
				DEVELOPMENT_TEAM = 634A34CZA9;
				INFOPLIST_FILE = UnitTests/Info.plist;
				IPHONEOS_DEPLOYMENT_TARGET = 12.2;
				LD_RUNPATH_SEARCH_PATHS = (
					"$(inherited)",
					"@executable_path/Frameworks",
					"@loader_path/Frameworks",
				);
				PRODUCT_BUNDLE_IDENTIFIER = cz.budikpet.UnitTests;
				PRODUCT_NAME = "$(TARGET_NAME)";
				SWIFT_VERSION = 5.0;
				TARGETED_DEVICE_FAMILY = "1,2";
				TEST_HOST = "$(BUILT_PRODUCTS_DIR)/IOSSemestralWork.app/IOSSemestralWork";
			};
			name = Release;
		};
		4BE8A60721D6CB06009B66F0 /* Debug */ = {
			isa = XCBuildConfiguration;
			buildSettings = {
				ALWAYS_SEARCH_USER_PATHS = NO;
				APP_VERSION = 1.0.0;
				CLANG_ANALYZER_LOCALIZABILITY_NONLOCALIZED = YES;
				CLANG_ANALYZER_NONNULL = YES;
				CLANG_ANALYZER_NUMBER_OBJECT_CONVERSION = YES_AGGRESSIVE;
				CLANG_CXX_LANGUAGE_STANDARD = "gnu++14";
				CLANG_CXX_LIBRARY = "libc++";
				CLANG_ENABLE_MODULES = YES;
				CLANG_ENABLE_OBJC_ARC = YES;
				CLANG_ENABLE_OBJC_WEAK = YES;
				CLANG_WARN_BLOCK_CAPTURE_AUTORELEASING = YES;
				CLANG_WARN_BOOL_CONVERSION = YES;
				CLANG_WARN_COMMA = YES;
				CLANG_WARN_CONSTANT_CONVERSION = YES;
				CLANG_WARN_DEPRECATED_OBJC_IMPLEMENTATIONS = YES;
				CLANG_WARN_DIRECT_OBJC_ISA_USAGE = YES_ERROR;
				CLANG_WARN_DOCUMENTATION_COMMENTS = YES;
				CLANG_WARN_EMPTY_BODY = YES;
				CLANG_WARN_ENUM_CONVERSION = YES;
				CLANG_WARN_INFINITE_RECURSION = YES;
				CLANG_WARN_INT_CONVERSION = YES;
				CLANG_WARN_NON_LITERAL_NULL_CONVERSION = YES;
				CLANG_WARN_OBJC_IMPLICIT_RETAIN_SELF = YES;
				CLANG_WARN_OBJC_LITERAL_CONVERSION = YES;
				CLANG_WARN_OBJC_ROOT_CLASS = YES_ERROR;
				CLANG_WARN_RANGE_LOOP_ANALYSIS = YES;
				CLANG_WARN_STRICT_PROTOTYPES = YES;
				CLANG_WARN_SUSPICIOUS_MOVE = YES;
				CLANG_WARN_UNGUARDED_AVAILABILITY = YES_AGGRESSIVE;
				CLANG_WARN_UNREACHABLE_CODE = YES;
				CLANG_WARN__DUPLICATE_METHOD_MATCH = YES;
				CODE_SIGN_IDENTITY = "iPhone Developer";
				COPY_PHASE_STRIP = NO;
				DEBUG_INFORMATION_FORMAT = dwarf;
				ENABLE_STRICT_OBJC_MSGSEND = YES;
				ENABLE_TESTABILITY = YES;
				GCC_C_LANGUAGE_STANDARD = gnu11;
				GCC_DYNAMIC_NO_PIC = NO;
				GCC_NO_COMMON_BLOCKS = YES;
				GCC_OPTIMIZATION_LEVEL = 0;
				GCC_PREPROCESSOR_DEFINITIONS = (
					"DEBUG=1",
					"$(inherited)",
				);
				GCC_WARN_64_TO_32_BIT_CONVERSION = YES;
				GCC_WARN_ABOUT_RETURN_TYPE = YES_ERROR;
				GCC_WARN_UNDECLARED_SELECTOR = YES;
				GCC_WARN_UNINITIALIZED_AUTOS = YES_AGGRESSIVE;
				GCC_WARN_UNUSED_FUNCTION = YES;
				GCC_WARN_UNUSED_VARIABLE = YES;
				INFOPLIST_FILE = "";
				IPHONEOS_DEPLOYMENT_TARGET = 12.1;
				MTL_ENABLE_DEBUG_INFO = INCLUDE_SOURCE;
				MTL_FAST_MATH = YES;
				ONLY_ACTIVE_ARCH = YES;
				SDKROOT = iphoneos;
				SWIFT_ACTIVE_COMPILATION_CONDITIONS = DEBUG;
				SWIFT_OPTIMIZATION_LEVEL = "-Onone";
			};
			name = Debug;
		};
		4BE8A60821D6CB06009B66F0 /* Release */ = {
			isa = XCBuildConfiguration;
			buildSettings = {
				ALWAYS_SEARCH_USER_PATHS = NO;
				APP_VERSION = 1.0.0;
				CLANG_ANALYZER_LOCALIZABILITY_NONLOCALIZED = YES;
				CLANG_ANALYZER_NONNULL = YES;
				CLANG_ANALYZER_NUMBER_OBJECT_CONVERSION = YES_AGGRESSIVE;
				CLANG_CXX_LANGUAGE_STANDARD = "gnu++14";
				CLANG_CXX_LIBRARY = "libc++";
				CLANG_ENABLE_MODULES = YES;
				CLANG_ENABLE_OBJC_ARC = YES;
				CLANG_ENABLE_OBJC_WEAK = YES;
				CLANG_WARN_BLOCK_CAPTURE_AUTORELEASING = YES;
				CLANG_WARN_BOOL_CONVERSION = YES;
				CLANG_WARN_COMMA = YES;
				CLANG_WARN_CONSTANT_CONVERSION = YES;
				CLANG_WARN_DEPRECATED_OBJC_IMPLEMENTATIONS = YES;
				CLANG_WARN_DIRECT_OBJC_ISA_USAGE = YES_ERROR;
				CLANG_WARN_DOCUMENTATION_COMMENTS = YES;
				CLANG_WARN_EMPTY_BODY = YES;
				CLANG_WARN_ENUM_CONVERSION = YES;
				CLANG_WARN_INFINITE_RECURSION = YES;
				CLANG_WARN_INT_CONVERSION = YES;
				CLANG_WARN_NON_LITERAL_NULL_CONVERSION = YES;
				CLANG_WARN_OBJC_IMPLICIT_RETAIN_SELF = YES;
				CLANG_WARN_OBJC_LITERAL_CONVERSION = YES;
				CLANG_WARN_OBJC_ROOT_CLASS = YES_ERROR;
				CLANG_WARN_RANGE_LOOP_ANALYSIS = YES;
				CLANG_WARN_STRICT_PROTOTYPES = YES;
				CLANG_WARN_SUSPICIOUS_MOVE = YES;
				CLANG_WARN_UNGUARDED_AVAILABILITY = YES_AGGRESSIVE;
				CLANG_WARN_UNREACHABLE_CODE = YES;
				CLANG_WARN__DUPLICATE_METHOD_MATCH = YES;
				CODE_SIGN_IDENTITY = "iPhone Developer";
				COPY_PHASE_STRIP = NO;
				DEBUG_INFORMATION_FORMAT = "dwarf-with-dsym";
				ENABLE_NS_ASSERTIONS = NO;
				ENABLE_STRICT_OBJC_MSGSEND = YES;
				GCC_C_LANGUAGE_STANDARD = gnu11;
				GCC_NO_COMMON_BLOCKS = YES;
				GCC_WARN_64_TO_32_BIT_CONVERSION = YES;
				GCC_WARN_ABOUT_RETURN_TYPE = YES_ERROR;
				GCC_WARN_UNDECLARED_SELECTOR = YES;
				GCC_WARN_UNINITIALIZED_AUTOS = YES_AGGRESSIVE;
				GCC_WARN_UNUSED_FUNCTION = YES;
				GCC_WARN_UNUSED_VARIABLE = YES;
				INFOPLIST_FILE = "";
				IPHONEOS_DEPLOYMENT_TARGET = 12.1;
				MTL_ENABLE_DEBUG_INFO = NO;
				MTL_FAST_MATH = YES;
				SDKROOT = iphoneos;
				SWIFT_COMPILATION_MODE = wholemodule;
				SWIFT_OPTIMIZATION_LEVEL = "-O";
				VALIDATE_PRODUCT = YES;
			};
			name = Release;
		};
		4BE8A60A21D6CB06009B66F0 /* Debug */ = {
			isa = XCBuildConfiguration;
			baseConfigurationReference = 1715EF30FE6687A6157A5573 /* Pods-IOSSemestralWork.debug.xcconfig */;
			buildSettings = {
				ASSETCATALOG_COMPILER_APPICON_NAME = AppIcon;
				CODE_SIGN_ENTITLEMENTS = IOSSemestralWork/IOSSemestralWork.entitlements;
				CODE_SIGN_STYLE = Automatic;
				DEVELOPMENT_TEAM = 634A34CZA9;
				INFOPLIST_FILE = IOSSemestralWork/Info.plist;
				INFOPLIST_PREFIX_HEADER = "$(PROJECT_DIR)/info_preprocess_header.h";
				INFOPLIST_PREPROCESS = YES;
				IPHONEOS_DEPLOYMENT_TARGET = 12.2;
				LD_RUNPATH_SEARCH_PATHS = (
					"$(inherited)",
					"@executable_path/Frameworks",
				);
				LIBRARY_SEARCH_PATHS = (
					"$(inherited)",
					"$(PROJECT_DIR)/Pods/Realm/core",
				);
				MODULEMAP_FILE = "\"$PROJECT_DIR/IOSSemestralWork/View\"";
				"OTHER_SWIFT_FLAGS[arch=*]" = "$(inherited) \"-D\" \"COCOAPODS\" \"-DDEBUG\"";
				PRODUCT_BUNDLE_IDENTIFIER = cz.budikpet.IOSSemestralWork;
				PRODUCT_NAME = "$(TARGET_NAME)";
				SWIFT_VERSION = 5.0;
				TARGETED_DEVICE_FAMILY = "1,2";
			};
			name = Debug;
		};
		4BE8A60B21D6CB06009B66F0 /* Release */ = {
			isa = XCBuildConfiguration;
			baseConfigurationReference = 5EBA44F4C9DA0B60A0DAF51F /* Pods-IOSSemestralWork.release.xcconfig */;
			buildSettings = {
				ASSETCATALOG_COMPILER_APPICON_NAME = AppIcon;
				CODE_SIGN_ENTITLEMENTS = IOSSemestralWork/IOSSemestralWork.entitlements;
				CODE_SIGN_STYLE = Automatic;
				DEVELOPMENT_TEAM = 634A34CZA9;
				INFOPLIST_FILE = IOSSemestralWork/Info.plist;
				INFOPLIST_PREFIX_HEADER = "$(PROJECT_DIR)/info_preprocess_header.h";
				INFOPLIST_PREPROCESS = YES;
				IPHONEOS_DEPLOYMENT_TARGET = 12.2;
				LD_RUNPATH_SEARCH_PATHS = (
					"$(inherited)",
					"@executable_path/Frameworks",
				);
				LIBRARY_SEARCH_PATHS = (
					"$(inherited)",
					"$(PROJECT_DIR)/Pods/Realm/core",
				);
				MODULEMAP_FILE = "\"$PROJECT_DIR/IOSSemestralWork/View\"";
				PRODUCT_BUNDLE_IDENTIFIER = cz.budikpet.IOSSemestralWork;
				PRODUCT_NAME = "$(TARGET_NAME)";
				SWIFT_VERSION = 5.0;
				TARGETED_DEVICE_FAMILY = "1,2";
			};
			name = Release;
		};
		4BFF774F22C0FD2B008047CB /* Debug */ = {
			isa = XCBuildConfiguration;
			buildSettings = {
				CODE_SIGN_STYLE = Automatic;
				DEVELOPMENT_TEAM = 634A34CZA9;
				PRODUCT_NAME = "$(TARGET_NAME)";
			};
			name = Debug;
		};
		4BFF775022C0FD2B008047CB /* Release */ = {
			isa = XCBuildConfiguration;
			buildSettings = {
				CODE_SIGN_STYLE = Automatic;
				DEVELOPMENT_TEAM = 634A34CZA9;
				PRODUCT_NAME = "$(TARGET_NAME)";
			};
			name = Release;
		};
/* End XCBuildConfiguration section */

/* Begin XCConfigurationList section */
		4BE1B2FB22DC7D0A00D33E85 /* Build configuration list for PBXNativeTarget "FeedTodayAppExtension" */ = {
			isa = XCConfigurationList;
			buildConfigurations = (
				4BE1B2F922DC7D0A00D33E85 /* Debug */,
				4BE1B2FA22DC7D0A00D33E85 /* Release */,
			);
			defaultConfigurationIsVisible = 0;
			defaultConfigurationName = Release;
		};
		4BE7641A22D2270400A250B4 /* Build configuration list for PBXAggregateTarget "Generate Preprocessor file" */ = {
			isa = XCConfigurationList;
			buildConfigurations = (
				4BE7641822D2270400A250B4 /* Debug */,
				4BE7641922D2270400A250B4 /* Release */,
			);
			defaultConfigurationIsVisible = 0;
			defaultConfigurationName = Release;
		};
		4BE8021822CCED500014DED4 /* Build configuration list for PBXNativeTarget "UnitTests" */ = {
			isa = XCConfigurationList;
			buildConfigurations = (
				4BE8021622CCED500014DED4 /* Debug */,
				4BE8021722CCED500014DED4 /* Release */,
			);
			defaultConfigurationIsVisible = 0;
			defaultConfigurationName = Release;
		};
		4BE8A5F221D6CB05009B66F0 /* Build configuration list for PBXProject "IOSSemestralWork" */ = {
			isa = XCConfigurationList;
			buildConfigurations = (
				4BE8A60721D6CB06009B66F0 /* Debug */,
				4BE8A60821D6CB06009B66F0 /* Release */,
			);
			defaultConfigurationIsVisible = 0;
			defaultConfigurationName = Release;
		};
		4BE8A60921D6CB06009B66F0 /* Build configuration list for PBXNativeTarget "IOSSemestralWork" */ = {
			isa = XCConfigurationList;
			buildConfigurations = (
				4BE8A60A21D6CB06009B66F0 /* Debug */,
				4BE8A60B21D6CB06009B66F0 /* Release */,
			);
			defaultConfigurationIsVisible = 0;
			defaultConfigurationName = Release;
		};
		4BFF775122C0FD2B008047CB /* Build configuration list for PBXAggregateTarget "Localization" */ = {
			isa = XCConfigurationList;
			buildConfigurations = (
				4BFF774F22C0FD2B008047CB /* Debug */,
				4BFF775022C0FD2B008047CB /* Release */,
			);
			defaultConfigurationIsVisible = 0;
			defaultConfigurationName = Release;
		};
/* End XCConfigurationList section */
	};
	rootObject = 4BE8A5EF21D6CB05009B66F0 /* Project object */;
}
