// !$*UTF8*$!
{
	archiveVersion = 1;
	classes = {
	};
	objectVersion = 50;
	objects = {

/* Begin PBXBuildFile section */
		434AF0675DA05159F971DB51 /* Pods_IOSSemestralWork.framework in Frameworks */ = {isa = PBXBuildFile; fileRef = 41DAE754AFF5F4B367771429 /* Pods_IOSSemestralWork.framework */; };
		4B10092A2200EF7000A259DC /* UserDefaultsKeys.swift in Sources */ = {isa = PBXBuildFile; fileRef = 4B1009292200EF7000A259DC /* UserDefaultsKeys.swift */; };
		4B50A3A121D8280500462B71 /* Item.swift in Sources */ = {isa = PBXBuildFile; fileRef = 4B50A3A021D8280500462B71 /* Item.swift */; };
		4B50A3A321D8290900462B71 /* Folder.swift in Sources */ = {isa = PBXBuildFile; fileRef = 4B50A3A221D8290900462B71 /* Folder.swift */; };
		4B50A3A521D829E000462B71 /* MyRSSFeed.swift in Sources */ = {isa = PBXBuildFile; fileRef = 4B50A3A421D829E000462B71 /* MyRSSFeed.swift */; };
		4B50A3E721D83E9400462B71 /* RSSFeedEditVC.swift in Sources */ = {isa = PBXBuildFile; fileRef = 4B50A3E621D83E9400462B71 /* RSSFeedEditVC.swift */; };
		4B70A86C21D7A12700289496 /* MyRSSItem.swift in Sources */ = {isa = PBXBuildFile; fileRef = 4B70A86B21D7A12700289496 /* MyRSSItem.swift */; };
		4BA1365D21D7947F009D4EBB /* MainTableVC.swift in Sources */ = {isa = PBXBuildFile; fileRef = 4BA1365C21D7947F009D4EBB /* MainTableVC.swift */; };
		4BA354C621F8DA3000BCE58E /* SeguePreparationSender.swift in Sources */ = {isa = PBXBuildFile; fileRef = 4BA354C521F8DA3000BCE58E /* SeguePreparationSender.swift */; };
		4BA9C45B21F76A7C0021E143 /* DBHandler.swift in Sources */ = {isa = PBXBuildFile; fileRef = 4BA9C45A21F76A7C0021E143 /* DBHandler.swift */; };
		4BB407892202382300CD1D57 /* Web in Resources */ = {isa = PBXBuildFile; fileRef = 4BB407882202382300CD1D57 /* Web */; };
		4BBEC7FA2204DDA700E7D802 /* ItemCell.xib in Resources */ = {isa = PBXBuildFile; fileRef = 4BBEC7F82204DDA700E7D802 /* ItemCell.xib */; };
		4BBEC7FB2204DDA700E7D802 /* ItemCell.swift in Sources */ = {isa = PBXBuildFile; fileRef = 4BBEC7F92204DDA700E7D802 /* ItemCell.swift */; };
		4BD68B5F21D95F0000B3A14E /* ItemTableVC.swift in Sources */ = {isa = PBXBuildFile; fileRef = 4BD68B5E21D95F0000B3A14E /* ItemTableVC.swift */; };
		4BD68B6121D970FE00B3A14E /* RSSItemVC.swift in Sources */ = {isa = PBXBuildFile; fileRef = 4BD68B6021D970FE00B3A14E /* RSSItemVC.swift */; };
		4BDDFCA021FDD214007F4F63 /* PullToRefreshView.xib in Resources */ = {isa = PBXBuildFile; fileRef = 4BDDFC9F21FDD214007F4F63 /* PullToRefreshView.xib */; };
		4BDDFCA221FDD28D007F4F63 /* PullToRefreshView.swift in Sources */ = {isa = PBXBuildFile; fileRef = 4BDDFCA121FDD28D007F4F63 /* PullToRefreshView.swift */; };
		4BDDFCA721FE207B007F4F63 /* RefreshControl.swift in Sources */ = {isa = PBXBuildFile; fileRef = 4BDDFCA621FE207B007F4F63 /* RefreshControl.swift */; };
		4BDFB70421D8D31100361136 /* FolderTableVC.swift in Sources */ = {isa = PBXBuildFile; fileRef = 4BDFB70321D8D31000361136 /* FolderTableVC.swift */; };
		4BDFB70621D8D82200361136 /* RSSFeedTableVC.swift in Sources */ = {isa = PBXBuildFile; fileRef = 4BDFB70521D8D82200361136 /* RSSFeedTableVC.swift */; };
		4BE8A5FB21D6CB05009B66F0 /* AppDelegate.swift in Sources */ = {isa = PBXBuildFile; fileRef = 4BE8A5FA21D6CB05009B66F0 /* AppDelegate.swift */; };
		4BE8A60021D6CB05009B66F0 /* Main.storyboard in Resources */ = {isa = PBXBuildFile; fileRef = 4BE8A5FE21D6CB05009B66F0 /* Main.storyboard */; };
		4BE8A60221D6CB06009B66F0 /* Assets.xcassets in Resources */ = {isa = PBXBuildFile; fileRef = 4BE8A60121D6CB06009B66F0 /* Assets.xcassets */; };
		4BE8A60521D6CB06009B66F0 /* LaunchScreen.storyboard in Resources */ = {isa = PBXBuildFile; fileRef = 4BE8A60321D6CB06009B66F0 /* LaunchScreen.storyboard */; };
		4BF2D4132205B9E6007636CD /* RssItemCell.swift in Sources */ = {isa = PBXBuildFile; fileRef = 4BF2D4112205B9E6007636CD /* RssItemCell.swift */; };
		4BF2D4142205B9E6007636CD /* RssItemCell.xib in Resources */ = {isa = PBXBuildFile; fileRef = 4BF2D4122205B9E6007636CD /* RssItemCell.xib */; };
/* End PBXBuildFile section */

/* Begin PBXFileReference section */
		1A26211D2B8C7051A78A3F05 /* Pods-IOSSemestralWork.debug.xcconfig */ = {isa = PBXFileReference; includeInIndex = 1; lastKnownFileType = text.xcconfig; name = "Pods-IOSSemestralWork.debug.xcconfig"; path = "Pods/Target Support Files/Pods-IOSSemestralWork/Pods-IOSSemestralWork.debug.xcconfig"; sourceTree = "<group>"; };
		41DAE754AFF5F4B367771429 /* Pods_IOSSemestralWork.framework */ = {isa = PBXFileReference; explicitFileType = wrapper.framework; includeInIndex = 0; path = Pods_IOSSemestralWork.framework; sourceTree = BUILT_PRODUCTS_DIR; };
		4B1009292200EF7000A259DC /* UserDefaultsKeys.swift */ = {isa = PBXFileReference; lastKnownFileType = sourcecode.swift; path = UserDefaultsKeys.swift; sourceTree = "<group>"; };
		4B50A3A021D8280500462B71 /* Item.swift */ = {isa = PBXFileReference; lastKnownFileType = sourcecode.swift; path = Item.swift; sourceTree = "<group>"; };
		4B50A3A221D8290900462B71 /* Folder.swift */ = {isa = PBXFileReference; lastKnownFileType = sourcecode.swift; path = Folder.swift; sourceTree = "<group>"; };
		4B50A3A421D829E000462B71 /* MyRSSFeed.swift */ = {isa = PBXFileReference; lastKnownFileType = sourcecode.swift; path = MyRSSFeed.swift; sourceTree = "<group>"; };
		4B50A3E621D83E9400462B71 /* RSSFeedEditVC.swift */ = {isa = PBXFileReference; lastKnownFileType = sourcecode.swift; path = RSSFeedEditVC.swift; sourceTree = "<group>"; };
		4B70A86B21D7A12700289496 /* MyRSSItem.swift */ = {isa = PBXFileReference; lastKnownFileType = sourcecode.swift; path = MyRSSItem.swift; sourceTree = "<group>"; };
		4BA1365C21D7947F009D4EBB /* MainTableVC.swift */ = {isa = PBXFileReference; lastKnownFileType = sourcecode.swift; path = MainTableVC.swift; sourceTree = "<group>"; };
		4BA354C521F8DA3000BCE58E /* SeguePreparationSender.swift */ = {isa = PBXFileReference; lastKnownFileType = sourcecode.swift; path = SeguePreparationSender.swift; sourceTree = "<group>"; };
		4BA9C45A21F76A7C0021E143 /* DBHandler.swift */ = {isa = PBXFileReference; lastKnownFileType = sourcecode.swift; path = DBHandler.swift; sourceTree = "<group>"; };
		4BB407882202382300CD1D57 /* Web */ = {isa = PBXFileReference; lastKnownFileType = folder; path = Web; sourceTree = "<group>"; };
		4BBEC7F82204DDA700E7D802 /* ItemCell.xib */ = {isa = PBXFileReference; fileEncoding = 4; lastKnownFileType = file.xib; path = ItemCell.xib; sourceTree = "<group>"; };
		4BBEC7F92204DDA700E7D802 /* ItemCell.swift */ = {isa = PBXFileReference; fileEncoding = 4; lastKnownFileType = sourcecode.swift; path = ItemCell.swift; sourceTree = "<group>"; };
		4BD68B5E21D95F0000B3A14E /* ItemTableVC.swift */ = {isa = PBXFileReference; fileEncoding = 4; lastKnownFileType = sourcecode.swift; path = ItemTableVC.swift; sourceTree = "<group>"; };
		4BD68B6021D970FE00B3A14E /* RSSItemVC.swift */ = {isa = PBXFileReference; lastKnownFileType = sourcecode.swift; path = RSSItemVC.swift; sourceTree = "<group>"; };
		4BDDFC9F21FDD214007F4F63 /* PullToRefreshView.xib */ = {isa = PBXFileReference; lastKnownFileType = file.xib; path = PullToRefreshView.xib; sourceTree = "<group>"; };
		4BDDFCA121FDD28D007F4F63 /* PullToRefreshView.swift */ = {isa = PBXFileReference; lastKnownFileType = sourcecode.swift; path = PullToRefreshView.swift; sourceTree = "<group>"; };
		4BDDFCA621FE207B007F4F63 /* RefreshControl.swift */ = {isa = PBXFileReference; lastKnownFileType = sourcecode.swift; path = RefreshControl.swift; sourceTree = "<group>"; };
		4BDFB70321D8D31000361136 /* FolderTableVC.swift */ = {isa = PBXFileReference; lastKnownFileType = sourcecode.swift; path = FolderTableVC.swift; sourceTree = "<group>"; };
		4BDFB70521D8D82200361136 /* RSSFeedTableVC.swift */ = {isa = PBXFileReference; lastKnownFileType = sourcecode.swift; path = RSSFeedTableVC.swift; sourceTree = "<group>"; };
		4BE8A5F721D6CB05009B66F0 /* IOSSemestralWork.app */ = {isa = PBXFileReference; explicitFileType = wrapper.application; includeInIndex = 0; path = IOSSemestralWork.app; sourceTree = BUILT_PRODUCTS_DIR; };
		4BE8A5FA21D6CB05009B66F0 /* AppDelegate.swift */ = {isa = PBXFileReference; lastKnownFileType = sourcecode.swift; path = AppDelegate.swift; sourceTree = "<group>"; };
		4BE8A5FF21D6CB05009B66F0 /* Base */ = {isa = PBXFileReference; lastKnownFileType = file.storyboard; name = Base; path = Base.lproj/Main.storyboard; sourceTree = "<group>"; };
		4BE8A60121D6CB06009B66F0 /* Assets.xcassets */ = {isa = PBXFileReference; lastKnownFileType = folder.assetcatalog; path = Assets.xcassets; sourceTree = "<group>"; };
		4BE8A60421D6CB06009B66F0 /* Base */ = {isa = PBXFileReference; lastKnownFileType = file.storyboard; name = Base; path = Base.lproj/LaunchScreen.storyboard; sourceTree = "<group>"; };
		4BE8A60621D6CB06009B66F0 /* Info.plist */ = {isa = PBXFileReference; lastKnownFileType = text.plist.xml; path = Info.plist; sourceTree = "<group>"; };
		4BF2D4112205B9E6007636CD /* RssItemCell.swift */ = {isa = PBXFileReference; lastKnownFileType = sourcecode.swift; path = RssItemCell.swift; sourceTree = "<group>"; };
		4BF2D4122205B9E6007636CD /* RssItemCell.xib */ = {isa = PBXFileReference; lastKnownFileType = file.xib; path = RssItemCell.xib; sourceTree = "<group>"; };
		70604E19792E7A209AD45857 /* Pods-IOSSemestralWork.release.xcconfig */ = {isa = PBXFileReference; includeInIndex = 1; lastKnownFileType = text.xcconfig; name = "Pods-IOSSemestralWork.release.xcconfig"; path = "Pods/Target Support Files/Pods-IOSSemestralWork/Pods-IOSSemestralWork.release.xcconfig"; sourceTree = "<group>"; };
/* End PBXFileReference section */

/* Begin PBXFrameworksBuildPhase section */
		4BE8A5F421D6CB05009B66F0 /* Frameworks */ = {
			isa = PBXFrameworksBuildPhase;
			buildActionMask = 2147483647;
			files = (
				434AF0675DA05159F971DB51 /* Pods_IOSSemestralWork.framework in Frameworks */,
			);
			runOnlyForDeploymentPostprocessing = 0;
		};
/* End PBXFrameworksBuildPhase section */

/* Begin PBXGroup section */
		4BA1365E21D79490009D4EBB /* ViewController */ = {
			isa = PBXGroup;
			children = (
				4BA354C421F8D9F600BCE58E /* Helper classes */,
				4BD68B5E21D95F0000B3A14E /* ItemTableVC.swift */,
				4BA1365C21D7947F009D4EBB /* MainTableVC.swift */,
				4BDFB70321D8D31000361136 /* FolderTableVC.swift */,
				4BDFB70521D8D82200361136 /* RSSFeedTableVC.swift */,
				4BD68B6021D970FE00B3A14E /* RSSItemVC.swift */,
				4B50A3E621D83E9400462B71 /* RSSFeedEditVC.swift */,
			);
			path = ViewController;
			sourceTree = "<group>";
		};
		4BA1365F21D7949B009D4EBB /* View */ = {
			isa = PBXGroup;
			children = (
				4BBEC7F72204DDA700E7D802 /* ItemCell */,
				4BF2D4152205B9EF007636CD /* RssItemCell */,
				4BDDFCA321FDD2F2007F4F63 /* PullToRefresh */,
				4BE8A60321D6CB06009B66F0 /* LaunchScreen.storyboard */,
				4BE8A5FE21D6CB05009B66F0 /* Main.storyboard */,
			);
			path = View;
			sourceTree = "<group>";
		};
		4BA1366021D794A5009D4EBB /* Model */ = {
			isa = PBXGroup;
			children = (
				4B50A3A021D8280500462B71 /* Item.swift */,
				4B50A3A221D8290900462B71 /* Folder.swift */,
				4B50A3A421D829E000462B71 /* MyRSSFeed.swift */,
				4B70A86B21D7A12700289496 /* MyRSSItem.swift */,
			);
			path = Model;
			sourceTree = "<group>";
		};
		4BA354C421F8D9F600BCE58E /* Helper classes */ = {
			isa = PBXGroup;
			children = (
				4B1009292200EF7000A259DC /* UserDefaultsKeys.swift */,
				4BA9C45A21F76A7C0021E143 /* DBHandler.swift */,
				4BA354C521F8DA3000BCE58E /* SeguePreparationSender.swift */,
				4BDDFCA621FE207B007F4F63 /* RefreshControl.swift */,
			);
			path = "Helper classes";
			sourceTree = "<group>";
		};
		4BBEC7F72204DDA700E7D802 /* ItemCell */ = {
			isa = PBXGroup;
			children = (
				4BBEC7F82204DDA700E7D802 /* ItemCell.xib */,
				4BBEC7F92204DDA700E7D802 /* ItemCell.swift */,
			);
			path = ItemCell;
			sourceTree = "<group>";
		};
		4BDDFCA321FDD2F2007F4F63 /* PullToRefresh */ = {
			isa = PBXGroup;
			children = (
				4BDDFC9F21FDD214007F4F63 /* PullToRefreshView.xib */,
				4BDDFCA121FDD28D007F4F63 /* PullToRefreshView.swift */,
			);
			path = PullToRefresh;
			sourceTree = "<group>";
		};
		4BE4C06321DA38DA00505A0F /* SupportFiles */ = {
			isa = PBXGroup;
			children = (
				4BB407882202382300CD1D57 /* Web */,
				4BE8A60121D6CB06009B66F0 /* Assets.xcassets */,
			);
			path = SupportFiles;
			sourceTree = "<group>";
		};
		4BE8A5EE21D6CB05009B66F0 = {
			isa = PBXGroup;
			children = (
				4BE8A5F921D6CB05009B66F0 /* IOSSemestralWork */,
				4BE8A5F821D6CB05009B66F0 /* Products */,
				DDC08AD18CF2A72BA1A9BCAA /* Pods */,
				5BF2A335EE5DD817F32A6E54 /* Frameworks */,
			);
			sourceTree = "<group>";
		};
		4BE8A5F821D6CB05009B66F0 /* Products */ = {
			isa = PBXGroup;
			children = (
				4BE8A5F721D6CB05009B66F0 /* IOSSemestralWork.app */,
			);
			name = Products;
			sourceTree = "<group>";
		};
		4BE8A5F921D6CB05009B66F0 /* IOSSemestralWork */ = {
			isa = PBXGroup;
			children = (
				4BE8A5FA21D6CB05009B66F0 /* AppDelegate.swift */,
				4BA1366021D794A5009D4EBB /* Model */,
				4BA1365F21D7949B009D4EBB /* View */,
				4BA1365E21D79490009D4EBB /* ViewController */,
				4BE4C06321DA38DA00505A0F /* SupportFiles */,
				4BE8A60621D6CB06009B66F0 /* Info.plist */,
			);
			path = IOSSemestralWork;
			sourceTree = "<group>";
		};
		4BF2D4152205B9EF007636CD /* RssItemCell */ = {
			isa = PBXGroup;
			children = (
				4BF2D4122205B9E6007636CD /* RssItemCell.xib */,
				4BF2D4112205B9E6007636CD /* RssItemCell.swift */,
			);
			path = RssItemCell;
			sourceTree = "<group>";
		};
		5BF2A335EE5DD817F32A6E54 /* Frameworks */ = {
			isa = PBXGroup;
			children = (
				41DAE754AFF5F4B367771429 /* Pods_IOSSemestralWork.framework */,
			);
			name = Frameworks;
			sourceTree = "<group>";
		};
		DDC08AD18CF2A72BA1A9BCAA /* Pods */ = {
			isa = PBXGroup;
			children = (
				1A26211D2B8C7051A78A3F05 /* Pods-IOSSemestralWork.debug.xcconfig */,
				70604E19792E7A209AD45857 /* Pods-IOSSemestralWork.release.xcconfig */,
			);
			name = Pods;
			sourceTree = "<group>";
		};
/* End PBXGroup section */

/* Begin PBXNativeTarget section */
		4BE8A5F621D6CB05009B66F0 /* IOSSemestralWork */ = {
			isa = PBXNativeTarget;
			buildConfigurationList = 4BE8A60921D6CB06009B66F0 /* Build configuration list for PBXNativeTarget "IOSSemestralWork" */;
			buildPhases = (
				9AF1698B361D0D3221F77CD3 /* [CP] Check Pods Manifest.lock */,
				4BE8A5F321D6CB05009B66F0 /* Sources */,
				4BE8A5F421D6CB05009B66F0 /* Frameworks */,
				4BE8A5F521D6CB05009B66F0 /* Resources */,
				B2846DC5230084AE6E2BD705 /* [CP] Embed Pods Frameworks */,
			);
			buildRules = (
			);
			dependencies = (
			);
			name = IOSSemestralWork;
			productName = IOSSemestralWork;
			productReference = 4BE8A5F721D6CB05009B66F0 /* IOSSemestralWork.app */;
			productType = "com.apple.product-type.application";
		};
/* End PBXNativeTarget section */

/* Begin PBXProject section */
		4BE8A5EF21D6CB05009B66F0 /* Project object */ = {
			isa = PBXProject;
			attributes = {
				LastSwiftUpdateCheck = 1010;
				LastUpgradeCheck = 1010;
				ORGANIZATIONNAME = "Petr Budík";
				TargetAttributes = {
					4BE8A5F621D6CB05009B66F0 = {
						CreatedOnToolsVersion = 10.1;
					};
				};
			};
			buildConfigurationList = 4BE8A5F221D6CB05009B66F0 /* Build configuration list for PBXProject "IOSSemestralWork" */;
			compatibilityVersion = "Xcode 9.3";
			developmentRegion = en;
			hasScannedForEncodings = 0;
			knownRegions = (
				en,
				Base,
			);
			mainGroup = 4BE8A5EE21D6CB05009B66F0;
			productRefGroup = 4BE8A5F821D6CB05009B66F0 /* Products */;
			projectDirPath = "";
			projectRoot = "";
			targets = (
				4BE8A5F621D6CB05009B66F0 /* IOSSemestralWork */,
			);
		};
/* End PBXProject section */

/* Begin PBXResourcesBuildPhase section */
		4BE8A5F521D6CB05009B66F0 /* Resources */ = {
			isa = PBXResourcesBuildPhase;
			buildActionMask = 2147483647;
			files = (
				4BE8A60521D6CB06009B66F0 /* LaunchScreen.storyboard in Resources */,
				4BE8A60221D6CB06009B66F0 /* Assets.xcassets in Resources */,
				4BBEC7FA2204DDA700E7D802 /* ItemCell.xib in Resources */,
				4BB407892202382300CD1D57 /* Web in Resources */,
				4BDDFCA021FDD214007F4F63 /* PullToRefreshView.xib in Resources */,
				4BE8A60021D6CB05009B66F0 /* Main.storyboard in Resources */,
				4BF2D4142205B9E6007636CD /* RssItemCell.xib in Resources */,
			);
			runOnlyForDeploymentPostprocessing = 0;
		};
/* End PBXResourcesBuildPhase section */

/* Begin PBXShellScriptBuildPhase section */
		9AF1698B361D0D3221F77CD3 /* [CP] Check Pods Manifest.lock */ = {
			isa = PBXShellScriptBuildPhase;
			buildActionMask = 2147483647;
			files = (
			);
			inputFileListPaths = (
			);
			inputPaths = (
				"${PODS_PODFILE_DIR_PATH}/Podfile.lock",
				"${PODS_ROOT}/Manifest.lock",
			);
			name = "[CP] Check Pods Manifest.lock";
			outputFileListPaths = (
			);
			outputPaths = (
				"$(DERIVED_FILE_DIR)/Pods-IOSSemestralWork-checkManifestLockResult.txt",
			);
			runOnlyForDeploymentPostprocessing = 0;
			shellPath = /bin/sh;
			shellScript = "diff \"${PODS_PODFILE_DIR_PATH}/Podfile.lock\" \"${PODS_ROOT}/Manifest.lock\" > /dev/null\nif [ $? != 0 ] ; then\n    # print error to STDERR\n    echo \"error: The sandbox is not in sync with the Podfile.lock. Run 'pod install' or update your CocoaPods installation.\" >&2\n    exit 1\nfi\n# This output is used by Xcode 'outputs' to avoid re-running this script phase.\necho \"SUCCESS\" > \"${SCRIPT_OUTPUT_FILE_0}\"\n";
			showEnvVarsInLog = 0;
		};
		B2846DC5230084AE6E2BD705 /* [CP] Embed Pods Frameworks */ = {
			isa = PBXShellScriptBuildPhase;
			buildActionMask = 2147483647;
			files = (
			);
			inputFileListPaths = (
			);
			inputPaths = (
				"${SRCROOT}/Pods/Target Support Files/Pods-IOSSemestralWork/Pods-IOSSemestralWork-frameworks.sh",
				"${BUILT_PRODUCTS_DIR}/Alamofire/Alamofire.framework",
				"${BUILT_PRODUCTS_DIR}/AlamofireRSSParser/AlamofireRSSParser.framework",
				"${BUILT_PRODUCTS_DIR}/Realm/Realm.framework",
				"${BUILT_PRODUCTS_DIR}/RealmSwift/RealmSwift.framework",
				"${BUILT_PRODUCTS_DIR}/Toast-Swift/Toast_Swift.framework",
			);
			name = "[CP] Embed Pods Frameworks";
			outputFileListPaths = (
			);
			outputPaths = (
				"${TARGET_BUILD_DIR}/${FRAMEWORKS_FOLDER_PATH}/Alamofire.framework",
				"${TARGET_BUILD_DIR}/${FRAMEWORKS_FOLDER_PATH}/AlamofireRSSParser.framework",
				"${TARGET_BUILD_DIR}/${FRAMEWORKS_FOLDER_PATH}/Realm.framework",
				"${TARGET_BUILD_DIR}/${FRAMEWORKS_FOLDER_PATH}/RealmSwift.framework",
				"${TARGET_BUILD_DIR}/${FRAMEWORKS_FOLDER_PATH}/Toast_Swift.framework",
			);
			runOnlyForDeploymentPostprocessing = 0;
			shellPath = /bin/sh;
			shellScript = "\"${SRCROOT}/Pods/Target Support Files/Pods-IOSSemestralWork/Pods-IOSSemestralWork-frameworks.sh\"\n";
			showEnvVarsInLog = 0;
		};
/* End PBXShellScriptBuildPhase section */

/* Begin PBXSourcesBuildPhase section */
		4BE8A5F321D6CB05009B66F0 /* Sources */ = {
			isa = PBXSourcesBuildPhase;
			buildActionMask = 2147483647;
			files = (
				4B50A3A121D8280500462B71 /* Item.swift in Sources */,
				4BD68B6121D970FE00B3A14E /* RSSItemVC.swift in Sources */,
				4B50A3A321D8290900462B71 /* Folder.swift in Sources */,
				4BA9C45B21F76A7C0021E143 /* DBHandler.swift in Sources */,
				4B10092A2200EF7000A259DC /* UserDefaultsKeys.swift in Sources */,
				4BBEC7FB2204DDA700E7D802 /* ItemCell.swift in Sources */,
				4B50A3A521D829E000462B71 /* MyRSSFeed.swift in Sources */,
				4BA1365D21D7947F009D4EBB /* MainTableVC.swift in Sources */,
				4BD68B5F21D95F0000B3A14E /* ItemTableVC.swift in Sources */,
				4B70A86C21D7A12700289496 /* MyRSSItem.swift in Sources */,
				4BDFB70621D8D82200361136 /* RSSFeedTableVC.swift in Sources */,
				4BA354C621F8DA3000BCE58E /* SeguePreparationSender.swift in Sources */,
				4BDFB70421D8D31100361136 /* FolderTableVC.swift in Sources */,
				4B50A3E721D83E9400462B71 /* RSSFeedEditVC.swift in Sources */,
				4BE8A5FB21D6CB05009B66F0 /* AppDelegate.swift in Sources */,
				4BF2D4132205B9E6007636CD /* RssItemCell.swift in Sources */,
				4BDDFCA221FDD28D007F4F63 /* PullToRefreshView.swift in Sources */,
				4BDDFCA721FE207B007F4F63 /* RefreshControl.swift in Sources */,
			);
			runOnlyForDeploymentPostprocessing = 0;
		};
/* End PBXSourcesBuildPhase section */

/* Begin PBXVariantGroup section */
		4BE8A5FE21D6CB05009B66F0 /* Main.storyboard */ = {
			isa = PBXVariantGroup;
			children = (
				4BE8A5FF21D6CB05009B66F0 /* Base */,
			);
			name = Main.storyboard;
			sourceTree = "<group>";
		};
		4BE8A60321D6CB06009B66F0 /* LaunchScreen.storyboard */ = {
			isa = PBXVariantGroup;
			children = (
				4BE8A60421D6CB06009B66F0 /* Base */,
			);
			name = LaunchScreen.storyboard;
			sourceTree = "<group>";
		};
/* End PBXVariantGroup section */

/* Begin XCBuildConfiguration section */
		4BE8A60721D6CB06009B66F0 /* Debug */ = {
			isa = XCBuildConfiguration;
			buildSettings = {
				ALWAYS_SEARCH_USER_PATHS = NO;
				CLANG_ANALYZER_NONNULL = YES;
				CLANG_ANALYZER_NUMBER_OBJECT_CONVERSION = YES_AGGRESSIVE;
				CLANG_CXX_LANGUAGE_STANDARD = "gnu++14";
				CLANG_CXX_LIBRARY = "libc++";
				CLANG_ENABLE_MODULES = YES;
				CLANG_ENABLE_OBJC_ARC = YES;
				CLANG_ENABLE_OBJC_WEAK = YES;
				CLANG_WARN_BLOCK_CAPTURE_AUTORELEASING = YES;
				CLANG_WARN_BOOL_CONVERSION = YES;
				CLANG_WARN_COMMA = YES;
				CLANG_WARN_CONSTANT_CONVERSION = YES;
				CLANG_WARN_DEPRECATED_OBJC_IMPLEMENTATIONS = YES;
				CLANG_WARN_DIRECT_OBJC_ISA_USAGE = YES_ERROR;
				CLANG_WARN_DOCUMENTATION_COMMENTS = YES;
				CLANG_WARN_EMPTY_BODY = YES;
				CLANG_WARN_ENUM_CONVERSION = YES;
				CLANG_WARN_INFINITE_RECURSION = YES;
				CLANG_WARN_INT_CONVERSION = YES;
				CLANG_WARN_NON_LITERAL_NULL_CONVERSION = YES;
				CLANG_WARN_OBJC_IMPLICIT_RETAIN_SELF = YES;
				CLANG_WARN_OBJC_LITERAL_CONVERSION = YES;
				CLANG_WARN_OBJC_ROOT_CLASS = YES_ERROR;
				CLANG_WARN_RANGE_LOOP_ANALYSIS = YES;
				CLANG_WARN_STRICT_PROTOTYPES = YES;
				CLANG_WARN_SUSPICIOUS_MOVE = YES;
				CLANG_WARN_UNGUARDED_AVAILABILITY = YES_AGGRESSIVE;
				CLANG_WARN_UNREACHABLE_CODE = YES;
				CLANG_WARN__DUPLICATE_METHOD_MATCH = YES;
				CODE_SIGN_IDENTITY = "iPhone Developer";
				COPY_PHASE_STRIP = NO;
				DEBUG_INFORMATION_FORMAT = dwarf;
				ENABLE_STRICT_OBJC_MSGSEND = YES;
				ENABLE_TESTABILITY = YES;
				GCC_C_LANGUAGE_STANDARD = gnu11;
				GCC_DYNAMIC_NO_PIC = NO;
				GCC_NO_COMMON_BLOCKS = YES;
				GCC_OPTIMIZATION_LEVEL = 0;
				GCC_PREPROCESSOR_DEFINITIONS = (
					"DEBUG=1",
					"$(inherited)",
				);
				GCC_WARN_64_TO_32_BIT_CONVERSION = YES;
				GCC_WARN_ABOUT_RETURN_TYPE = YES_ERROR;
				GCC_WARN_UNDECLARED_SELECTOR = YES;
				GCC_WARN_UNINITIALIZED_AUTOS = YES_AGGRESSIVE;
				GCC_WARN_UNUSED_FUNCTION = YES;
				GCC_WARN_UNUSED_VARIABLE = YES;
				IPHONEOS_DEPLOYMENT_TARGET = 12.1;
				MTL_ENABLE_DEBUG_INFO = INCLUDE_SOURCE;
				MTL_FAST_MATH = YES;
				ONLY_ACTIVE_ARCH = YES;
				SDKROOT = iphoneos;
				SWIFT_ACTIVE_COMPILATION_CONDITIONS = DEBUG;
				SWIFT_OPTIMIZATION_LEVEL = "-Onone";
			};
			name = Debug;
		};
		4BE8A60821D6CB06009B66F0 /* Release */ = {
			isa = XCBuildConfiguration;
			buildSettings = {
				ALWAYS_SEARCH_USER_PATHS = NO;
				CLANG_ANALYZER_NONNULL = YES;
				CLANG_ANALYZER_NUMBER_OBJECT_CONVERSION = YES_AGGRESSIVE;
				CLANG_CXX_LANGUAGE_STANDARD = "gnu++14";
				CLANG_CXX_LIBRARY = "libc++";
				CLANG_ENABLE_MODULES = YES;
				CLANG_ENABLE_OBJC_ARC = YES;
				CLANG_ENABLE_OBJC_WEAK = YES;
				CLANG_WARN_BLOCK_CAPTURE_AUTORELEASING = YES;
				CLANG_WARN_BOOL_CONVERSION = YES;
				CLANG_WARN_COMMA = YES;
				CLANG_WARN_CONSTANT_CONVERSION = YES;
				CLANG_WARN_DEPRECATED_OBJC_IMPLEMENTATIONS = YES;
				CLANG_WARN_DIRECT_OBJC_ISA_USAGE = YES_ERROR;
				CLANG_WARN_DOCUMENTATION_COMMENTS = YES;
				CLANG_WARN_EMPTY_BODY = YES;
				CLANG_WARN_ENUM_CONVERSION = YES;
				CLANG_WARN_INFINITE_RECURSION = YES;
				CLANG_WARN_INT_CONVERSION = YES;
				CLANG_WARN_NON_LITERAL_NULL_CONVERSION = YES;
				CLANG_WARN_OBJC_IMPLICIT_RETAIN_SELF = YES;
				CLANG_WARN_OBJC_LITERAL_CONVERSION = YES;
				CLANG_WARN_OBJC_ROOT_CLASS = YES_ERROR;
				CLANG_WARN_RANGE_LOOP_ANALYSIS = YES;
				CLANG_WARN_STRICT_PROTOTYPES = YES;
				CLANG_WARN_SUSPICIOUS_MOVE = YES;
				CLANG_WARN_UNGUARDED_AVAILABILITY = YES_AGGRESSIVE;
				CLANG_WARN_UNREACHABLE_CODE = YES;
				CLANG_WARN__DUPLICATE_METHOD_MATCH = YES;
				CODE_SIGN_IDENTITY = "iPhone Developer";
				COPY_PHASE_STRIP = NO;
				DEBUG_INFORMATION_FORMAT = "dwarf-with-dsym";
				ENABLE_NS_ASSERTIONS = NO;
				ENABLE_STRICT_OBJC_MSGSEND = YES;
				GCC_C_LANGUAGE_STANDARD = gnu11;
				GCC_NO_COMMON_BLOCKS = YES;
				GCC_WARN_64_TO_32_BIT_CONVERSION = YES;
				GCC_WARN_ABOUT_RETURN_TYPE = YES_ERROR;
				GCC_WARN_UNDECLARED_SELECTOR = YES;
				GCC_WARN_UNINITIALIZED_AUTOS = YES_AGGRESSIVE;
				GCC_WARN_UNUSED_FUNCTION = YES;
				GCC_WARN_UNUSED_VARIABLE = YES;
				IPHONEOS_DEPLOYMENT_TARGET = 12.1;
				MTL_ENABLE_DEBUG_INFO = NO;
				MTL_FAST_MATH = YES;
				SDKROOT = iphoneos;
				SWIFT_COMPILATION_MODE = wholemodule;
				SWIFT_OPTIMIZATION_LEVEL = "-O";
				VALIDATE_PRODUCT = YES;
			};
			name = Release;
		};
		4BE8A60A21D6CB06009B66F0 /* Debug */ = {
			isa = XCBuildConfiguration;
			baseConfigurationReference = 1A26211D2B8C7051A78A3F05 /* Pods-IOSSemestralWork.debug.xcconfig */;
			buildSettings = {
				ASSETCATALOG_COMPILER_APPICON_NAME = AppIcon;
				CODE_SIGN_STYLE = Automatic;
				DEVELOPMENT_TEAM = 634A34CZA9;
				INFOPLIST_FILE = IOSSemestralWork/Info.plist;
				LD_RUNPATH_SEARCH_PATHS = (
					"$(inherited)",
					"@executable_path/Frameworks",
				);
				"OTHER_SWIFT_FLAGS[arch=*]" = "$(inherited) \"-D\" \"COCOAPODS\" \"-DDEBUG\"";
				PRODUCT_BUNDLE_IDENTIFIER = cz.budikpet.IOSSemestralWork;
				PRODUCT_NAME = "$(TARGET_NAME)";
				SWIFT_VERSION = 4.2;
				TARGETED_DEVICE_FAMILY = "1,2";
			};
			name = Debug;
		};
		4BE8A60B21D6CB06009B66F0 /* Release */ = {
			isa = XCBuildConfiguration;
			baseConfigurationReference = 70604E19792E7A209AD45857 /* Pods-IOSSemestralWork.release.xcconfig */;
			buildSettings = {
				ASSETCATALOG_COMPILER_APPICON_NAME = AppIcon;
				CODE_SIGN_STYLE = Automatic;
				DEVELOPMENT_TEAM = 634A34CZA9;
				INFOPLIST_FILE = IOSSemestralWork/Info.plist;
				LD_RUNPATH_SEARCH_PATHS = (
					"$(inherited)",
					"@executable_path/Frameworks",
				);
				PRODUCT_BUNDLE_IDENTIFIER = cz.budikpet.IOSSemestralWork;
				PRODUCT_NAME = "$(TARGET_NAME)";
				SWIFT_VERSION = 4.2;
				TARGETED_DEVICE_FAMILY = "1,2";
			};
			name = Release;
		};
/* End XCBuildConfiguration section */

/* Begin XCConfigurationList section */
		4BE8A5F221D6CB05009B66F0 /* Build configuration list for PBXProject "IOSSemestralWork" */ = {
			isa = XCConfigurationList;
			buildConfigurations = (
				4BE8A60721D6CB06009B66F0 /* Debug */,
				4BE8A60821D6CB06009B66F0 /* Release */,
			);
			defaultConfigurationIsVisible = 0;
			defaultConfigurationName = Release;
		};
		4BE8A60921D6CB06009B66F0 /* Build configuration list for PBXNativeTarget "IOSSemestralWork" */ = {
			isa = XCConfigurationList;
			buildConfigurations = (
				4BE8A60A21D6CB06009B66F0 /* Debug */,
				4BE8A60B21D6CB06009B66F0 /* Release */,
			);
			defaultConfigurationIsVisible = 0;
			defaultConfigurationName = Release;
		};
/* End XCConfigurationList section */
	};
	rootObject = 4BE8A5EF21D6CB05009B66F0 /* Project object */;
}
